// !$*UTF8*$!
{
	archiveVersion = 1;
	classes = {
	};
	objectVersion = 55;
	objects = {

/* Begin PBXBuildFile section */
		34FF010AE765F24DD3D455A2 /* Pods_OC_Learning.framework in Frameworks */ = {isa = PBXBuildFile; fileRef = 797F5A7ABB2AC5161FA5D729 /* Pods_OC_Learning.framework */; };
		6914760528B074E8001F5BB6 /* GlobalConst.m in Sources */ = {isa = PBXBuildFile; fileRef = 6914760428B074E8001F5BB6 /* GlobalConst.m */; };
		6914761028B07764001F5BB6 /* FatherAndSonVC.m in Sources */ = {isa = PBXBuildFile; fileRef = 6914760E28B07764001F5BB6 /* FatherAndSonVC.m */; };
		6914761128B07764001F5BB6 /* FatherAndSonVC.xib in Resources */ = {isa = PBXBuildFile; fileRef = 6914760F28B07764001F5BB6 /* FatherAndSonVC.xib */; };
		6914761828B07A96001F5BB6 /* HotVC.m in Sources */ = {isa = PBXBuildFile; fileRef = 6914761628B07A96001F5BB6 /* HotVC.m */; };
		6914761928B07A96001F5BB6 /* HotVC.xib in Resources */ = {isa = PBXBuildFile; fileRef = 6914761728B07A96001F5BB6 /* HotVC.xib */; };
		6914761D28B07AA5001F5BB6 /* TopVC.m in Sources */ = {isa = PBXBuildFile; fileRef = 6914761B28B07AA5001F5BB6 /* TopVC.m */; };
		6914761E28B07AA5001F5BB6 /* TopVC.xib in Resources */ = {isa = PBXBuildFile; fileRef = 6914761C28B07AA5001F5BB6 /* TopVC.xib */; };
		6914762228B07AB5001F5BB6 /* SocietyVC.m in Sources */ = {isa = PBXBuildFile; fileRef = 6914762028B07AB5001F5BB6 /* SocietyVC.m */; };
		6914762328B07AB5001F5BB6 /* SocietyVC.xib in Resources */ = {isa = PBXBuildFile; fileRef = 6914762128B07AB5001F5BB6 /* SocietyVC.xib */; };
		6914762828B0C14B001F5BB6 /* WangyiVC.m in Sources */ = {isa = PBXBuildFile; fileRef = 6914762628B0C14B001F5BB6 /* WangyiVC.m */; };
		6914762928B0C14B001F5BB6 /* WangyiVC.xib in Resources */ = {isa = PBXBuildFile; fileRef = 6914762728B0C14B001F5BB6 /* WangyiVC.xib */; };
		6914766628B0DA3B001F5BB6 /* VideoVC.m in Sources */ = {isa = PBXBuildFile; fileRef = 6914766528B0DA3A001F5BB6 /* VideoVC.m */; };
		6914766928B0DE45001F5BB6 /* StarVC.m in Sources */ = {isa = PBXBuildFile; fileRef = 6914766828B0DE45001F5BB6 /* StarVC.m */; };
		6934222628918CD0007561A1 /* AppDelegate.m in Sources */ = {isa = PBXBuildFile; fileRef = 6934222528918CD0007561A1 /* AppDelegate.m */; };
		6934222928918CD0007561A1 /* SceneDelegate.m in Sources */ = {isa = PBXBuildFile; fileRef = 6934222828918CD0007561A1 /* SceneDelegate.m */; };
		6934222C28918CD0007561A1 /* ViewController.m in Sources */ = {isa = PBXBuildFile; fileRef = 6934222B28918CD0007561A1 /* ViewController.m */; };
		6934222F28918CD0007561A1 /* Main.storyboard in Resources */ = {isa = PBXBuildFile; fileRef = 6934222D28918CD0007561A1 /* Main.storyboard */; };
		6934223128918CD2007561A1 /* Assets.xcassets in Resources */ = {isa = PBXBuildFile; fileRef = 6934223028918CD2007561A1 /* Assets.xcassets */; };
		6934223428918CD2007561A1 /* LaunchScreen.storyboard in Resources */ = {isa = PBXBuildFile; fileRef = 6934223228918CD2007561A1 /* LaunchScreen.storyboard */; };
		6934223728918CD2007561A1 /* main.m in Sources */ = {isa = PBXBuildFile; fileRef = 6934223628918CD2007561A1 /* main.m */; };
		694114C228AC7BA700BE6792 /* NetworkStatusVC.m in Sources */ = {isa = PBXBuildFile; fileRef = 694114C128AC7BA700BE6792 /* NetworkStatusVC.m */; };
		694114C528AC878D00BE6792 /* Reachability.m in Sources */ = {isa = PBXBuildFile; fileRef = 694114C428AC878D00BE6792 /* Reachability.m */; };
		694114C828AC962800BE6792 /* EncryptionVC.m in Sources */ = {isa = PBXBuildFile; fileRef = 694114C728AC962800BE6792 /* EncryptionVC.m */; };
		694114CB28AC99DE00BE6792 /* YYHttpTool.m in Sources */ = {isa = PBXBuildFile; fileRef = 694114C928AC99DE00BE6792 /* YYHttpTool.m */; };
		694114D328AC9A2E00BE6792 /* NSString+Hash.m in Sources */ = {isa = PBXBuildFile; fileRef = 694114CE28AC9A2E00BE6792 /* NSString+Hash.m */; };
		694114D428AC9A2E00BE6792 /* RSACryptor.m in Sources */ = {isa = PBXBuildFile; fileRef = 694114D128AC9A2E00BE6792 /* RSACryptor.m */; };
		694114D528AC9A2E00BE6792 /* EncryptionTools.m in Sources */ = {isa = PBXBuildFile; fileRef = 694114D228AC9A2E00BE6792 /* EncryptionTools.m */; };
		69424E2C28ADCA7F00DF0939 /* runtimeVC.m in Sources */ = {isa = PBXBuildFile; fileRef = 69424E2B28ADCA7F00DF0939 /* runtimeVC.m */; };
		69424E3028ADDA0400DF0939 /* Person.m in Sources */ = {isa = PBXBuildFile; fileRef = 69424E2F28ADDA0400DF0939 /* Person.m */; };
		69424E3328ADEF1700DF0939 /* RuntimeChangeFunctionVC.m in Sources */ = {isa = PBXBuildFile; fileRef = 69424E3228ADEF1700DF0939 /* RuntimeChangeFunctionVC.m */; };
		69424E3628AE0A6F00DF0939 /* UIImage+image.m in Sources */ = {isa = PBXBuildFile; fileRef = 69424E3528AE0A6F00DF0939 /* UIImage+image.m */; };
		69424E3928AE1F5E00DF0939 /* NSObject+property.m in Sources */ = {isa = PBXBuildFile; fileRef = 69424E3828AE1F5E00DF0939 /* NSObject+property.m */; };
		69424E3C28AE230700DF0939 /* runtimeKVCVC.m in Sources */ = {isa = PBXBuildFile; fileRef = 69424E3B28AE230700DF0939 /* runtimeKVCVC.m */; };
		69424E3E28AE2AB800DF0939 /* status.plist in Resources */ = {isa = PBXBuildFile; fileRef = 69424E3D28AE2AB800DF0939 /* status.plist */; };
		69424E4128AE2BED00DF0939 /* StatusItem.m in Sources */ = {isa = PBXBuildFile; fileRef = 69424E4028AE2BED00DF0939 /* StatusItem.m */; };
		69424E4428AE2D6F00DF0939 /* NSDictionary+Property.m in Sources */ = {isa = PBXBuildFile; fileRef = 69424E4328AE2D6F00DF0939 /* NSDictionary+Property.m */; };
		69424E5128AE534000DF0939 /* NSFileManager+Additions.m in Sources */ = {isa = PBXBuildFile; fileRef = 69424E5028AE534000DF0939 /* NSFileManager+Additions.m */; };
		695E8CDE28A34BB900A7914A /* GCDGroupQueueVC.m in Sources */ = {isa = PBXBuildFile; fileRef = 695E8CDD28A34BB900A7914A /* GCDGroupQueueVC.m */; };
		695E8CE228A3597600A7914A /* LinTool.m in Sources */ = {isa = PBXBuildFile; fileRef = 695E8CE128A3597600A7914A /* LinTool.m */; };
		695E8CE728A37D0000A7914A /* NSOperationVC.m in Sources */ = {isa = PBXBuildFile; fileRef = 695E8CE628A37D0000A7914A /* NSOperationVC.m */; };
		695E8CEC28A3881400A7914A /* LinOperation.m in Sources */ = {isa = PBXBuildFile; fileRef = 695E8CEB28A3881400A7914A /* LinOperation.m */; };
		695E8CEF28A3982300A7914A /* NSOperationSerndInfoVC.m in Sources */ = {isa = PBXBuildFile; fileRef = 695E8CEE28A3982300A7914A /* NSOperationSerndInfoVC.m */; };
		695E8CF628A3D33A00A7914A /* ImagedownLoadVC.m in Sources */ = {isa = PBXBuildFile; fileRef = 695E8CF428A3D33A00A7914A /* ImagedownLoadVC.m */; };
		695E8CF728A3D33A00A7914A /* ImagedownLoadVC.xib in Resources */ = {isa = PBXBuildFile; fileRef = 695E8CF528A3D33A00A7914A /* ImagedownLoadVC.xib */; };
		695E8CFA28A3D63F00A7914A /* LinAPP.m in Sources */ = {isa = PBXBuildFile; fileRef = 695E8CF928A3D63F00A7914A /* LinAPP.m */; };
		695E8CFC28A3D7B500A7914A /* apps.plist in Resources */ = {isa = PBXBuildFile; fileRef = 695E8CFB28A3D7B500A7914A /* apps.plist */; };
		6965ACD528A9D515000A8202 /* libxml2.2.tbd in Frameworks */ = {isa = PBXBuildFile; fileRef = 6965ACD428A9D515000A8202 /* libxml2.2.tbd */; };
		6965ACD728A9D523000A8202 /* libxml2.tbd in Frameworks */ = {isa = PBXBuildFile; fileRef = 6965ACD628A9D523000A8202 /* libxml2.tbd */; };
		6965ACD928A9D6E1000A8202 /* local.xml in Resources */ = {isa = PBXBuildFile; fileRef = 6965ACD828A9D6E1000A8202 /* local.xml */; };
		6965ACDC28A9DCE1000A8202 /* NSDictionary+Log.m in Sources */ = {isa = PBXBuildFile; fileRef = 6965ACDB28A9DCE1000A8202 /* NSDictionary+Log.m */; };
		6965ACE028A9E875000A8202 /* DownLoadLittleVC.m in Sources */ = {isa = PBXBuildFile; fileRef = 6965ACDF28A9E875000A8202 /* DownLoadLittleVC.m */; };
		6965ACE328A9F6DB000A8202 /* DownloadBigByConnectionVC.m in Sources */ = {isa = PBXBuildFile; fileRef = 6965ACE228A9F6DB000A8202 /* DownloadBigByConnectionVC.m */; };
		6965ACE728AA3C20000A8202 /* DownloadByOutPutVC.m in Sources */ = {isa = PBXBuildFile; fileRef = 6965ACE628AA3C20000A8202 /* DownloadByOutPutVC.m */; };
		6965ACED28AA3F65000A8202 /* UploadByConnectionVC.m in Sources */ = {isa = PBXBuildFile; fileRef = 6965ACEC28AA3F65000A8202 /* UploadByConnectionVC.m */; };
		6973863D28A23B4100F4239C /* PthreadVC.m in Sources */ = {isa = PBXBuildFile; fileRef = 6973863C28A23B4100F4239C /* PthreadVC.m */; };
		6973864028A24AAB00F4239C /* NSThreadVC.m in Sources */ = {isa = PBXBuildFile; fileRef = 6973863F28A24AAB00F4239C /* NSThreadVC.m */; };
		6973864728A26CB800F4239C /* ThreadSafetyVC.m in Sources */ = {isa = PBXBuildFile; fileRef = 6973864628A26CB800F4239C /* ThreadSafetyVC.m */; };
		6973864A28A279D200F4239C /* ThreadSendInfoVC.m in Sources */ = {isa = PBXBuildFile; fileRef = 6973864928A279D200F4239C /* ThreadSendInfoVC.m */; };
		6973864D28A289C800F4239C /* GCDVC.m in Sources */ = {isa = PBXBuildFile; fileRef = 6973864C28A289C800F4239C /* GCDVC.m */; };
		6973865028A29ADD00F4239C /* GCDSendInfoVC.m in Sources */ = {isa = PBXBuildFile; fileRef = 6973864F28A29ADD00F4239C /* GCDSendInfoVC.m */; };
		69B3E6C728A5F21E0070AE3B /* RunLoopsVC.m in Sources */ = {isa = PBXBuildFile; fileRef = 69B3E6C528A5F21E0070AE3B /* RunLoopsVC.m */; };
		69B3E6C828A5F21E0070AE3B /* RunLoopsVC.xib in Resources */ = {isa = PBXBuildFile; fileRef = 69B3E6C628A5F21E0070AE3B /* RunLoopsVC.xib */; };
		69B57B4128A8C66800466BC1 /* NativeVC.m in Sources */ = {isa = PBXBuildFile; fileRef = 69B57B4028A8C66800466BC1 /* NativeVC.m */; };
		69B57B4428A8E3D000466BC1 /* JSONDataShowVC.m in Sources */ = {isa = PBXBuildFile; fileRef = 69B57B4328A8E3D000466BC1 /* JSONDataShowVC.m */; };
		69B57B4828A8FDE800466BC1 /* LinTimeMode.m in Sources */ = {isa = PBXBuildFile; fileRef = 69B57B4728A8FDE800466BC1 /* LinTimeMode.m */; };
		69B57B4B28A9110E00466BC1 /* XMLVC.m in Sources */ = {isa = PBXBuildFile; fileRef = 69B57B4A28A9110E00466BC1 /* XMLVC.m */; };
		69BE3E8728AB208900F6E4C3 /* NSURLSessionVC.m in Sources */ = {isa = PBXBuildFile; fileRef = 69BE3E8628AB208900F6E4C3 /* NSURLSessionVC.m */; };
		69BE3E8A28AB2FFA00F6E4C3 /* DownloadBigBySessionVC.m in Sources */ = {isa = PBXBuildFile; fileRef = 69BE3E8928AB2FFA00F6E4C3 /* DownloadBigBySessionVC.m */; };
		69BE3E8E28AB49FE00F6E4C3 /* DownloadBigBySessionTwoVC.m in Sources */ = {isa = PBXBuildFile; fileRef = 69BE3E8C28AB49FE00F6E4C3 /* DownloadBigBySessionTwoVC.m */; };
		69BE3E8F28AB49FE00F6E4C3 /* DownloadBigBySessionTwoVC.xib in Resources */ = {isa = PBXBuildFile; fileRef = 69BE3E8D28AB49FE00F6E4C3 /* DownloadBigBySessionTwoVC.xib */; };
		69BE3E9228AB862500F6E4C3 /* UploadBySession.m in Sources */ = {isa = PBXBuildFile; fileRef = 69BE3E9128AB862500F6E4C3 /* UploadBySession.m */; };
		69BE3E9728ABA21F00F6E4C3 /* WebViewVC.m in Sources */ = {isa = PBXBuildFile; fileRef = 69BE3E9528ABA21F00F6E4C3 /* WebViewVC.m */; };
		69BE3E9828ABA21F00F6E4C3 /* WebViewVC.xib in Resources */ = {isa = PBXBuildFile; fileRef = 69BE3E9628ABA21F00F6E4C3 /* WebViewVC.xib */; };
		69BE3E9B28ABAC9B00F6E4C3 /* LinWebView.m in Sources */ = {isa = PBXBuildFile; fileRef = 69BE3E9A28ABAC9B00F6E4C3 /* LinWebView.m */; };
		69BE3E9E28ABB1B600F6E4C3 /* AFNVC.m in Sources */ = {isa = PBXBuildFile; fileRef = 69BE3E9D28ABB1B600F6E4C3 /* AFNVC.m */; };
		69BFB8FE28AF6273001A9BB1 /* SubPerson.m in Sources */ = {isa = PBXBuildFile; fileRef = 69BFB8FD28AF6273001A9BB1 /* SubPerson.m */; };
		69BFB90228AF74C4001A9BB1 /* ConstVC.m in Sources */ = {isa = PBXBuildFile; fileRef = 69BFB90128AF74C4001A9BB1 /* ConstVC.m */; };
		69C71E8028A79B210025F49F /* RunLoopUseVC.m in Sources */ = {isa = PBXBuildFile; fileRef = 69C71E7F28A79B210025F49F /* RunLoopUseVC.m */; };
		69C71E8828A7AAC20025F49F /* ThreadVC.m in Sources */ = {isa = PBXBuildFile; fileRef = 69C71E8728A7AAC20025F49F /* ThreadVC.m */; };
		69C71E8C28A7B68E0025F49F /* NetWorkVC.m in Sources */ = {isa = PBXBuildFile; fileRef = 69C71E8B28A7B68E0025F49F /* NetWorkVC.m */; };
		69E6FE2B28A4E7AF00896D4E /* SDWebVC.m in Sources */ = {isa = PBXBuildFile; fileRef = 69E6FE2928A4E7AF00896D4E /* SDWebVC.m */; };
		69E6FE2C28A4E7AF00896D4E /* SDWebVC.xib in Resources */ = {isa = PBXBuildFile; fileRef = 69E6FE2A28A4E7AF00896D4E /* SDWebVC.xib */; };
		69E6FE3428A5284300896D4E /* NSCachesVC.m in Sources */ = {isa = PBXBuildFile; fileRef = 69E6FE3228A5284300896D4E /* NSCachesVC.m */; };
		69E6FE3528A5284300896D4E /* NSCachesVC.xib in Resources */ = {isa = PBXBuildFile; fileRef = 69E6FE3328A5284300896D4E /* NSCachesVC.xib */; };
		69EA7A9728AF180E006A6B4B /* NSObject+Model.m in Sources */ = {isa = PBXBuildFile; fileRef = 69EA7A9628AF180E006A6B4B /* NSObject+Model.m */; };
		69EA7A9A28AF1E85006A6B4B /* User.m in Sources */ = {isa = PBXBuildFile; fileRef = 69EA7A9928AF1E85006A6B4B /* User.m */; };
		69EA7AA228AF2FA0006A6B4B /* SuperClassAndClassVC.m in Sources */ = {isa = PBXBuildFile; fileRef = 69EA7AA128AF2FA0006A6B4B /* SuperClassAndClassVC.m */; };
		69EA7AA528AF2FEA006A6B4B /* OtherVC.m in Sources */ = {isa = PBXBuildFile; fileRef = 69EA7AA428AF2FEA006A6B4B /* OtherVC.m */; };
		69F6F6DD28B32A8800675D4C /* ExtensionWangyiVC.m in Sources */ = {isa = PBXBuildFile; fileRef = 69F6F6DC28B32A8800675D4C /* ExtensionWangyiVC.m */; };
		69F6F6E228B32E8400675D4C /* ScrollviewAutoLayoutVC.m in Sources */ = {isa = PBXBuildFile; fileRef = 69F6F6E028B32E8400675D4C /* ScrollviewAutoLayoutVC.m */; };
		69F6F6E328B32E8400675D4C /* ScrollviewAutoLayoutVC.xib in Resources */ = {isa = PBXBuildFile; fileRef = 69F6F6E128B32E8400675D4C /* ScrollviewAutoLayoutVC.xib */; };
		69F6F6E728B35E4000675D4C /* SizeAndCenterVC.m in Sources */ = {isa = PBXBuildFile; fileRef = 69F6F6E628B35E4000675D4C /* SizeAndCenterVC.m */; };
		69F6F6EC28B366DF00675D4C /* NoticeVC.m in Sources */ = {isa = PBXBuildFile; fileRef = 69F6F6EA28B366DF00675D4C /* NoticeVC.m */; };
		69F6F6ED28B366DF00675D4C /* NoticeVC.xib in Resources */ = {isa = PBXBuildFile; fileRef = 69F6F6EB28B366DF00675D4C /* NoticeVC.xib */; };
		69F6F6F228B3745E00675D4C /* EnumVC.m in Sources */ = {isa = PBXBuildFile; fileRef = 69F6F6F028B3745E00675D4C /* EnumVC.m */; };
		69F6F6F328B3745E00675D4C /* EnumVC.xib in Resources */ = {isa = PBXBuildFile; fileRef = 69F6F6F128B3745E00675D4C /* EnumVC.xib */; };
		69F6F6F828B3778C00675D4C /* AssignAndWeakVC.m in Sources */ = {isa = PBXBuildFile; fileRef = 69F6F6F628B3778C00675D4C /* AssignAndWeakVC.m */; };
		69F6F6F928B3778C00675D4C /* AssignAndWeakVC.xib in Resources */ = {isa = PBXBuildFile; fileRef = 69F6F6F728B3778C00675D4C /* AssignAndWeakVC.xib */; };
		69F6F6FD28B37AB700675D4C /* FrameAndBoundsVC.m in Sources */ = {isa = PBXBuildFile; fileRef = 69F6F6FC28B37AB700675D4C /* FrameAndBoundsVC.m */; };
/* End PBXBuildFile section */

/* Begin PBXFileReference section */
		67F3AD08DA232E89FE429F4B /* Pods-OC_Learning.release.xcconfig */ = {isa = PBXFileReference; includeInIndex = 1; lastKnownFileType = text.xcconfig; name = "Pods-OC_Learning.release.xcconfig"; path = "Target Support Files/Pods-OC_Learning/Pods-OC_Learning.release.xcconfig"; sourceTree = "<group>"; };
		6914760328B074E8001F5BB6 /* GlobalConst.h */ = {isa = PBXFileReference; lastKnownFileType = sourcecode.c.h; path = GlobalConst.h; sourceTree = "<group>"; };
		6914760428B074E8001F5BB6 /* GlobalConst.m */ = {isa = PBXFileReference; lastKnownFileType = sourcecode.c.objc; path = GlobalConst.m; sourceTree = "<group>"; };
		6914760D28B07764001F5BB6 /* FatherAndSonVC.h */ = {isa = PBXFileReference; lastKnownFileType = sourcecode.c.h; path = FatherAndSonVC.h; sourceTree = "<group>"; };
		6914760E28B07764001F5BB6 /* FatherAndSonVC.m */ = {isa = PBXFileReference; lastKnownFileType = sourcecode.c.objc; path = FatherAndSonVC.m; sourceTree = "<group>"; };
		6914760F28B07764001F5BB6 /* FatherAndSonVC.xib */ = {isa = PBXFileReference; lastKnownFileType = file.xib; path = FatherAndSonVC.xib; sourceTree = "<group>"; };
		6914761528B07A96001F5BB6 /* HotVC.h */ = {isa = PBXFileReference; lastKnownFileType = sourcecode.c.h; path = HotVC.h; sourceTree = "<group>"; };
		6914761628B07A96001F5BB6 /* HotVC.m */ = {isa = PBXFileReference; lastKnownFileType = sourcecode.c.objc; path = HotVC.m; sourceTree = "<group>"; };
		6914761728B07A96001F5BB6 /* HotVC.xib */ = {isa = PBXFileReference; lastKnownFileType = file.xib; path = HotVC.xib; sourceTree = "<group>"; };
		6914761A28B07AA5001F5BB6 /* TopVC.h */ = {isa = PBXFileReference; lastKnownFileType = sourcecode.c.h; path = TopVC.h; sourceTree = "<group>"; };
		6914761B28B07AA5001F5BB6 /* TopVC.m */ = {isa = PBXFileReference; lastKnownFileType = sourcecode.c.objc; path = TopVC.m; sourceTree = "<group>"; };
		6914761C28B07AA5001F5BB6 /* TopVC.xib */ = {isa = PBXFileReference; lastKnownFileType = file.xib; path = TopVC.xib; sourceTree = "<group>"; };
		6914761F28B07AB5001F5BB6 /* SocietyVC.h */ = {isa = PBXFileReference; lastKnownFileType = sourcecode.c.h; path = SocietyVC.h; sourceTree = "<group>"; };
		6914762028B07AB5001F5BB6 /* SocietyVC.m */ = {isa = PBXFileReference; lastKnownFileType = sourcecode.c.objc; path = SocietyVC.m; sourceTree = "<group>"; };
		6914762128B07AB5001F5BB6 /* SocietyVC.xib */ = {isa = PBXFileReference; lastKnownFileType = file.xib; path = SocietyVC.xib; sourceTree = "<group>"; };
		6914762528B0C14B001F5BB6 /* WangyiVC.h */ = {isa = PBXFileReference; lastKnownFileType = sourcecode.c.h; path = WangyiVC.h; sourceTree = "<group>"; };
		6914762628B0C14B001F5BB6 /* WangyiVC.m */ = {isa = PBXFileReference; lastKnownFileType = sourcecode.c.objc; path = WangyiVC.m; sourceTree = "<group>"; };
		6914762728B0C14B001F5BB6 /* WangyiVC.xib */ = {isa = PBXFileReference; lastKnownFileType = file.xib; path = WangyiVC.xib; sourceTree = "<group>"; };
		6914766428B0DA3A001F5BB6 /* VideoVC.h */ = {isa = PBXFileReference; lastKnownFileType = sourcecode.c.h; path = VideoVC.h; sourceTree = "<group>"; };
		6914766528B0DA3A001F5BB6 /* VideoVC.m */ = {isa = PBXFileReference; lastKnownFileType = sourcecode.c.objc; path = VideoVC.m; sourceTree = "<group>"; };
		6914766728B0DE45001F5BB6 /* StarVC.h */ = {isa = PBXFileReference; lastKnownFileType = sourcecode.c.h; path = StarVC.h; sourceTree = "<group>"; };
		6914766828B0DE45001F5BB6 /* StarVC.m */ = {isa = PBXFileReference; lastKnownFileType = sourcecode.c.objc; path = StarVC.m; sourceTree = "<group>"; };
		6934222128918CD0007561A1 /* OC_Learning.app */ = {isa = PBXFileReference; explicitFileType = wrapper.application; includeInIndex = 0; path = OC_Learning.app; sourceTree = BUILT_PRODUCTS_DIR; };
		6934222428918CD0007561A1 /* AppDelegate.h */ = {isa = PBXFileReference; lastKnownFileType = sourcecode.c.h; path = AppDelegate.h; sourceTree = "<group>"; };
		6934222528918CD0007561A1 /* AppDelegate.m */ = {isa = PBXFileReference; lastKnownFileType = sourcecode.c.objc; path = AppDelegate.m; sourceTree = "<group>"; };
		6934222728918CD0007561A1 /* SceneDelegate.h */ = {isa = PBXFileReference; lastKnownFileType = sourcecode.c.h; path = SceneDelegate.h; sourceTree = "<group>"; };
		6934222828918CD0007561A1 /* SceneDelegate.m */ = {isa = PBXFileReference; lastKnownFileType = sourcecode.c.objc; path = SceneDelegate.m; sourceTree = "<group>"; };
		6934222A28918CD0007561A1 /* ViewController.h */ = {isa = PBXFileReference; lastKnownFileType = sourcecode.c.h; path = ViewController.h; sourceTree = "<group>"; };
		6934222B28918CD0007561A1 /* ViewController.m */ = {isa = PBXFileReference; lastKnownFileType = sourcecode.c.objc; path = ViewController.m; sourceTree = "<group>"; };
		6934222E28918CD0007561A1 /* Base */ = {isa = PBXFileReference; lastKnownFileType = file.storyboard; name = Base; path = Base.lproj/Main.storyboard; sourceTree = "<group>"; };
		6934223028918CD2007561A1 /* Assets.xcassets */ = {isa = PBXFileReference; lastKnownFileType = folder.assetcatalog; path = Assets.xcassets; sourceTree = "<group>"; };
		6934223328918CD2007561A1 /* Base */ = {isa = PBXFileReference; lastKnownFileType = file.storyboard; name = Base; path = Base.lproj/LaunchScreen.storyboard; sourceTree = "<group>"; };
		6934223528918CD2007561A1 /* Info.plist */ = {isa = PBXFileReference; lastKnownFileType = text.plist.xml; path = Info.plist; sourceTree = "<group>"; };
		6934223628918CD2007561A1 /* main.m */ = {isa = PBXFileReference; lastKnownFileType = sourcecode.c.objc; path = main.m; sourceTree = "<group>"; };
		694114C028AC7BA700BE6792 /* NetworkStatusVC.h */ = {isa = PBXFileReference; lastKnownFileType = sourcecode.c.h; path = NetworkStatusVC.h; sourceTree = "<group>"; };
		694114C128AC7BA700BE6792 /* NetworkStatusVC.m */ = {isa = PBXFileReference; lastKnownFileType = sourcecode.c.objc; path = NetworkStatusVC.m; sourceTree = "<group>"; };
		694114C328AC878D00BE6792 /* Reachability.h */ = {isa = PBXFileReference; lastKnownFileType = sourcecode.c.h; path = Reachability.h; sourceTree = "<group>"; };
		694114C428AC878D00BE6792 /* Reachability.m */ = {isa = PBXFileReference; lastKnownFileType = sourcecode.c.objc; path = Reachability.m; sourceTree = "<group>"; };
		694114C628AC962800BE6792 /* EncryptionVC.h */ = {isa = PBXFileReference; lastKnownFileType = sourcecode.c.h; path = EncryptionVC.h; sourceTree = "<group>"; };
		694114C728AC962800BE6792 /* EncryptionVC.m */ = {isa = PBXFileReference; lastKnownFileType = sourcecode.c.objc; path = EncryptionVC.m; sourceTree = "<group>"; };
		694114C928AC99DE00BE6792 /* YYHttpTool.m */ = {isa = PBXFileReference; fileEncoding = 4; lastKnownFileType = sourcecode.c.objc; path = YYHttpTool.m; sourceTree = "<group>"; };
		694114CA28AC99DE00BE6792 /* YYHttpTool.h */ = {isa = PBXFileReference; fileEncoding = 4; lastKnownFileType = sourcecode.c.h; path = YYHttpTool.h; sourceTree = "<group>"; };
		694114CD28AC9A2E00BE6792 /* EncryptionTools.h */ = {isa = PBXFileReference; fileEncoding = 4; lastKnownFileType = sourcecode.c.h; path = EncryptionTools.h; sourceTree = "<group>"; };
		694114CE28AC9A2E00BE6792 /* NSString+Hash.m */ = {isa = PBXFileReference; fileEncoding = 4; lastKnownFileType = sourcecode.c.objc; path = "NSString+Hash.m"; sourceTree = "<group>"; };
		694114CF28AC9A2E00BE6792 /* NSString+Hash.h */ = {isa = PBXFileReference; fileEncoding = 4; lastKnownFileType = sourcecode.c.h; path = "NSString+Hash.h"; sourceTree = "<group>"; };
		694114D028AC9A2E00BE6792 /* RSACryptor.h */ = {isa = PBXFileReference; fileEncoding = 4; lastKnownFileType = sourcecode.c.h; path = RSACryptor.h; sourceTree = "<group>"; };
		694114D128AC9A2E00BE6792 /* RSACryptor.m */ = {isa = PBXFileReference; fileEncoding = 4; lastKnownFileType = sourcecode.c.objc; path = RSACryptor.m; sourceTree = "<group>"; };
		694114D228AC9A2E00BE6792 /* EncryptionTools.m */ = {isa = PBXFileReference; fileEncoding = 4; lastKnownFileType = sourcecode.c.objc; path = EncryptionTools.m; sourceTree = "<group>"; };
		69424E2A28ADCA7F00DF0939 /* runtimeVC.h */ = {isa = PBXFileReference; lastKnownFileType = sourcecode.c.h; path = runtimeVC.h; sourceTree = "<group>"; };
		69424E2B28ADCA7F00DF0939 /* runtimeVC.m */ = {isa = PBXFileReference; lastKnownFileType = sourcecode.c.objc; path = runtimeVC.m; sourceTree = "<group>"; };
		69424E2E28ADDA0400DF0939 /* Person.h */ = {isa = PBXFileReference; lastKnownFileType = sourcecode.c.h; path = Person.h; sourceTree = "<group>"; };
		69424E2F28ADDA0400DF0939 /* Person.m */ = {isa = PBXFileReference; lastKnownFileType = sourcecode.c.objc; path = Person.m; sourceTree = "<group>"; };
		69424E3128ADEF1700DF0939 /* RuntimeChangeFunctionVC.h */ = {isa = PBXFileReference; lastKnownFileType = sourcecode.c.h; path = RuntimeChangeFunctionVC.h; sourceTree = "<group>"; };
		69424E3228ADEF1700DF0939 /* RuntimeChangeFunctionVC.m */ = {isa = PBXFileReference; lastKnownFileType = sourcecode.c.objc; path = RuntimeChangeFunctionVC.m; sourceTree = "<group>"; };
		69424E3428AE0A6F00DF0939 /* UIImage+image.h */ = {isa = PBXFileReference; lastKnownFileType = sourcecode.c.h; path = "UIImage+image.h"; sourceTree = "<group>"; };
		69424E3528AE0A6F00DF0939 /* UIImage+image.m */ = {isa = PBXFileReference; lastKnownFileType = sourcecode.c.objc; path = "UIImage+image.m"; sourceTree = "<group>"; };
		69424E3728AE1F5E00DF0939 /* NSObject+property.h */ = {isa = PBXFileReference; lastKnownFileType = sourcecode.c.h; path = "NSObject+property.h"; sourceTree = "<group>"; };
		69424E3828AE1F5E00DF0939 /* NSObject+property.m */ = {isa = PBXFileReference; lastKnownFileType = sourcecode.c.objc; path = "NSObject+property.m"; sourceTree = "<group>"; };
		69424E3A28AE230700DF0939 /* runtimeKVCVC.h */ = {isa = PBXFileReference; lastKnownFileType = sourcecode.c.h; path = runtimeKVCVC.h; sourceTree = "<group>"; };
		69424E3B28AE230700DF0939 /* runtimeKVCVC.m */ = {isa = PBXFileReference; lastKnownFileType = sourcecode.c.objc; path = runtimeKVCVC.m; sourceTree = "<group>"; };
		69424E3D28AE2AB800DF0939 /* status.plist */ = {isa = PBXFileReference; fileEncoding = 4; lastKnownFileType = text.plist.xml; path = status.plist; sourceTree = "<group>"; };
		69424E3F28AE2BED00DF0939 /* StatusItem.h */ = {isa = PBXFileReference; lastKnownFileType = sourcecode.c.h; path = StatusItem.h; sourceTree = "<group>"; };
		69424E4028AE2BED00DF0939 /* StatusItem.m */ = {isa = PBXFileReference; lastKnownFileType = sourcecode.c.objc; path = StatusItem.m; sourceTree = "<group>"; };
		69424E4228AE2D6F00DF0939 /* NSDictionary+Property.h */ = {isa = PBXFileReference; lastKnownFileType = sourcecode.c.h; path = "NSDictionary+Property.h"; sourceTree = "<group>"; };
		69424E4328AE2D6F00DF0939 /* NSDictionary+Property.m */ = {isa = PBXFileReference; lastKnownFileType = sourcecode.c.objc; path = "NSDictionary+Property.m"; sourceTree = "<group>"; };
		69424E4F28AE534000DF0939 /* NSFileManager+Additions.h */ = {isa = PBXFileReference; lastKnownFileType = sourcecode.c.h; path = "NSFileManager+Additions.h"; sourceTree = "<group>"; };
		69424E5028AE534000DF0939 /* NSFileManager+Additions.m */ = {isa = PBXFileReference; lastKnownFileType = sourcecode.c.objc; path = "NSFileManager+Additions.m"; sourceTree = "<group>"; };
		695E8CDC28A34BB900A7914A /* GCDGroupQueueVC.h */ = {isa = PBXFileReference; lastKnownFileType = sourcecode.c.h; path = GCDGroupQueueVC.h; sourceTree = "<group>"; };
		695E8CDD28A34BB900A7914A /* GCDGroupQueueVC.m */ = {isa = PBXFileReference; lastKnownFileType = sourcecode.c.objc; path = GCDGroupQueueVC.m; sourceTree = "<group>"; };
		695E8CE028A3597600A7914A /* LinTool.h */ = {isa = PBXFileReference; lastKnownFileType = sourcecode.c.h; path = LinTool.h; sourceTree = "<group>"; };
		695E8CE128A3597600A7914A /* LinTool.m */ = {isa = PBXFileReference; lastKnownFileType = sourcecode.c.objc; path = LinTool.m; sourceTree = "<group>"; };
		695E8CE428A3639A00A7914A /* Single.h */ = {isa = PBXFileReference; lastKnownFileType = sourcecode.c.h; path = Single.h; sourceTree = "<group>"; };
		695E8CE528A37D0000A7914A /* NSOperationVC.h */ = {isa = PBXFileReference; lastKnownFileType = sourcecode.c.h; path = NSOperationVC.h; sourceTree = "<group>"; };
		695E8CE628A37D0000A7914A /* NSOperationVC.m */ = {isa = PBXFileReference; lastKnownFileType = sourcecode.c.objc; path = NSOperationVC.m; sourceTree = "<group>"; };
		695E8CEA28A3881400A7914A /* LinOperation.h */ = {isa = PBXFileReference; lastKnownFileType = sourcecode.c.h; path = LinOperation.h; sourceTree = "<group>"; };
		695E8CEB28A3881400A7914A /* LinOperation.m */ = {isa = PBXFileReference; lastKnownFileType = sourcecode.c.objc; path = LinOperation.m; sourceTree = "<group>"; };
		695E8CED28A3982300A7914A /* NSOperationSerndInfoVC.h */ = {isa = PBXFileReference; lastKnownFileType = sourcecode.c.h; path = NSOperationSerndInfoVC.h; sourceTree = "<group>"; };
		695E8CEE28A3982300A7914A /* NSOperationSerndInfoVC.m */ = {isa = PBXFileReference; lastKnownFileType = sourcecode.c.objc; path = NSOperationSerndInfoVC.m; sourceTree = "<group>"; };
		695E8CF328A3D33A00A7914A /* ImagedownLoadVC.h */ = {isa = PBXFileReference; lastKnownFileType = sourcecode.c.h; path = ImagedownLoadVC.h; sourceTree = "<group>"; };
		695E8CF428A3D33A00A7914A /* ImagedownLoadVC.m */ = {isa = PBXFileReference; lastKnownFileType = sourcecode.c.objc; path = ImagedownLoadVC.m; sourceTree = "<group>"; };
		695E8CF528A3D33A00A7914A /* ImagedownLoadVC.xib */ = {isa = PBXFileReference; lastKnownFileType = file.xib; path = ImagedownLoadVC.xib; sourceTree = "<group>"; };
		695E8CF828A3D63F00A7914A /* LinAPP.h */ = {isa = PBXFileReference; lastKnownFileType = sourcecode.c.h; path = LinAPP.h; sourceTree = "<group>"; };
		695E8CF928A3D63F00A7914A /* LinAPP.m */ = {isa = PBXFileReference; lastKnownFileType = sourcecode.c.objc; path = LinAPP.m; sourceTree = "<group>"; };
		695E8CFB28A3D7B500A7914A /* apps.plist */ = {isa = PBXFileReference; fileEncoding = 4; lastKnownFileType = text.plist.xml; path = apps.plist; sourceTree = "<group>"; };
		6965ACD428A9D515000A8202 /* libxml2.2.tbd */ = {isa = PBXFileReference; lastKnownFileType = "sourcecode.text-based-dylib-definition"; name = libxml2.2.tbd; path = usr/lib/libxml2.2.tbd; sourceTree = SDKROOT; };
		6965ACD628A9D523000A8202 /* libxml2.tbd */ = {isa = PBXFileReference; lastKnownFileType = "sourcecode.text-based-dylib-definition"; name = libxml2.tbd; path = usr/lib/libxml2.tbd; sourceTree = SDKROOT; };
		6965ACD828A9D6E1000A8202 /* local.xml */ = {isa = PBXFileReference; fileEncoding = 4; lastKnownFileType = text.xml; path = local.xml; sourceTree = "<group>"; };
		6965ACDA28A9DCE1000A8202 /* NSDictionary+Log.h */ = {isa = PBXFileReference; lastKnownFileType = sourcecode.c.h; path = "NSDictionary+Log.h"; sourceTree = "<group>"; };
		6965ACDB28A9DCE1000A8202 /* NSDictionary+Log.m */ = {isa = PBXFileReference; lastKnownFileType = sourcecode.c.objc; path = "NSDictionary+Log.m"; sourceTree = "<group>"; };
		6965ACDE28A9E875000A8202 /* DownLoadLittleVC.h */ = {isa = PBXFileReference; lastKnownFileType = sourcecode.c.h; path = DownLoadLittleVC.h; sourceTree = "<group>"; };
		6965ACDF28A9E875000A8202 /* DownLoadLittleVC.m */ = {isa = PBXFileReference; lastKnownFileType = sourcecode.c.objc; path = DownLoadLittleVC.m; sourceTree = "<group>"; };
		6965ACE128A9F6DB000A8202 /* DownloadBigByConnectionVC.h */ = {isa = PBXFileReference; lastKnownFileType = sourcecode.c.h; path = DownloadBigByConnectionVC.h; sourceTree = "<group>"; };
		6965ACE228A9F6DB000A8202 /* DownloadBigByConnectionVC.m */ = {isa = PBXFileReference; lastKnownFileType = sourcecode.c.objc; path = DownloadBigByConnectionVC.m; sourceTree = "<group>"; };
		6965ACE528AA3C20000A8202 /* DownloadByOutPutVC.h */ = {isa = PBXFileReference; lastKnownFileType = sourcecode.c.h; path = DownloadByOutPutVC.h; sourceTree = "<group>"; };
		6965ACE628AA3C20000A8202 /* DownloadByOutPutVC.m */ = {isa = PBXFileReference; lastKnownFileType = sourcecode.c.objc; path = DownloadByOutPutVC.m; sourceTree = "<group>"; };
		6965ACEB28AA3F65000A8202 /* UploadByConnectionVC.h */ = {isa = PBXFileReference; lastKnownFileType = sourcecode.c.h; path = UploadByConnectionVC.h; sourceTree = "<group>"; };
		6965ACEC28AA3F65000A8202 /* UploadByConnectionVC.m */ = {isa = PBXFileReference; lastKnownFileType = sourcecode.c.objc; path = UploadByConnectionVC.m; sourceTree = "<group>"; };
		6973863B28A23B4100F4239C /* PthreadVC.h */ = {isa = PBXFileReference; lastKnownFileType = sourcecode.c.h; path = PthreadVC.h; sourceTree = "<group>"; };
		6973863C28A23B4100F4239C /* PthreadVC.m */ = {isa = PBXFileReference; lastKnownFileType = sourcecode.c.objc; path = PthreadVC.m; sourceTree = "<group>"; };
		6973863E28A24AAB00F4239C /* NSThreadVC.h */ = {isa = PBXFileReference; lastKnownFileType = sourcecode.c.h; path = NSThreadVC.h; sourceTree = "<group>"; };
		6973863F28A24AAB00F4239C /* NSThreadVC.m */ = {isa = PBXFileReference; lastKnownFileType = sourcecode.c.objc; path = NSThreadVC.m; sourceTree = "<group>"; };
		6973864128A2526000F4239C /* .gitgnore.md */ = {isa = PBXFileReference; lastKnownFileType = net.daringfireball.markdown; path = .gitgnore.md; sourceTree = "<group>"; };
		6973864528A26CB800F4239C /* ThreadSafetyVC.h */ = {isa = PBXFileReference; lastKnownFileType = sourcecode.c.h; path = ThreadSafetyVC.h; sourceTree = "<group>"; };
		6973864628A26CB800F4239C /* ThreadSafetyVC.m */ = {isa = PBXFileReference; lastKnownFileType = sourcecode.c.objc; path = ThreadSafetyVC.m; sourceTree = "<group>"; };
		6973864828A279D200F4239C /* ThreadSendInfoVC.h */ = {isa = PBXFileReference; lastKnownFileType = sourcecode.c.h; path = ThreadSendInfoVC.h; sourceTree = "<group>"; };
		6973864928A279D200F4239C /* ThreadSendInfoVC.m */ = {isa = PBXFileReference; lastKnownFileType = sourcecode.c.objc; path = ThreadSendInfoVC.m; sourceTree = "<group>"; };
		6973864B28A289C800F4239C /* GCDVC.h */ = {isa = PBXFileReference; lastKnownFileType = sourcecode.c.h; path = GCDVC.h; sourceTree = "<group>"; };
		6973864C28A289C800F4239C /* GCDVC.m */ = {isa = PBXFileReference; lastKnownFileType = sourcecode.c.objc; path = GCDVC.m; sourceTree = "<group>"; };
		6973864E28A29ADD00F4239C /* GCDSendInfoVC.h */ = {isa = PBXFileReference; lastKnownFileType = sourcecode.c.h; path = GCDSendInfoVC.h; sourceTree = "<group>"; };
		6973864F28A29ADD00F4239C /* GCDSendInfoVC.m */ = {isa = PBXFileReference; lastKnownFileType = sourcecode.c.objc; path = GCDSendInfoVC.m; sourceTree = "<group>"; };
		69B3E6C428A5F21E0070AE3B /* RunLoopsVC.h */ = {isa = PBXFileReference; lastKnownFileType = sourcecode.c.h; path = RunLoopsVC.h; sourceTree = "<group>"; };
		69B3E6C528A5F21E0070AE3B /* RunLoopsVC.m */ = {isa = PBXFileReference; lastKnownFileType = sourcecode.c.objc; path = RunLoopsVC.m; sourceTree = "<group>"; };
		69B3E6C628A5F21E0070AE3B /* RunLoopsVC.xib */ = {isa = PBXFileReference; lastKnownFileType = file.xib; path = RunLoopsVC.xib; sourceTree = "<group>"; };
		69B57B3F28A8C66800466BC1 /* NativeVC.h */ = {isa = PBXFileReference; lastKnownFileType = sourcecode.c.h; path = NativeVC.h; sourceTree = "<group>"; };
		69B57B4028A8C66800466BC1 /* NativeVC.m */ = {isa = PBXFileReference; lastKnownFileType = sourcecode.c.objc; path = NativeVC.m; sourceTree = "<group>"; };
		69B57B4228A8E3D000466BC1 /* JSONDataShowVC.h */ = {isa = PBXFileReference; lastKnownFileType = sourcecode.c.h; path = JSONDataShowVC.h; sourceTree = "<group>"; };
		69B57B4328A8E3D000466BC1 /* JSONDataShowVC.m */ = {isa = PBXFileReference; lastKnownFileType = sourcecode.c.objc; path = JSONDataShowVC.m; sourceTree = "<group>"; };
		69B57B4628A8FDE800466BC1 /* LinTimeMode.h */ = {isa = PBXFileReference; lastKnownFileType = sourcecode.c.h; path = LinTimeMode.h; sourceTree = "<group>"; };
		69B57B4728A8FDE800466BC1 /* LinTimeMode.m */ = {isa = PBXFileReference; lastKnownFileType = sourcecode.c.objc; path = LinTimeMode.m; sourceTree = "<group>"; };
		69B57B4928A9110E00466BC1 /* XMLVC.h */ = {isa = PBXFileReference; lastKnownFileType = sourcecode.c.h; path = XMLVC.h; sourceTree = "<group>"; };
		69B57B4A28A9110E00466BC1 /* XMLVC.m */ = {isa = PBXFileReference; lastKnownFileType = sourcecode.c.objc; path = XMLVC.m; sourceTree = "<group>"; };
		69BE3E8528AB208900F6E4C3 /* NSURLSessionVC.h */ = {isa = PBXFileReference; lastKnownFileType = sourcecode.c.h; path = NSURLSessionVC.h; sourceTree = "<group>"; };
		69BE3E8628AB208900F6E4C3 /* NSURLSessionVC.m */ = {isa = PBXFileReference; lastKnownFileType = sourcecode.c.objc; path = NSURLSessionVC.m; sourceTree = "<group>"; };
		69BE3E8828AB2FFA00F6E4C3 /* DownloadBigBySessionVC.h */ = {isa = PBXFileReference; lastKnownFileType = sourcecode.c.h; path = DownloadBigBySessionVC.h; sourceTree = "<group>"; };
		69BE3E8928AB2FFA00F6E4C3 /* DownloadBigBySessionVC.m */ = {isa = PBXFileReference; lastKnownFileType = sourcecode.c.objc; path = DownloadBigBySessionVC.m; sourceTree = "<group>"; };
		69BE3E8B28AB49FE00F6E4C3 /* DownloadBigBySessionTwoVC.h */ = {isa = PBXFileReference; lastKnownFileType = sourcecode.c.h; path = DownloadBigBySessionTwoVC.h; sourceTree = "<group>"; };
		69BE3E8C28AB49FE00F6E4C3 /* DownloadBigBySessionTwoVC.m */ = {isa = PBXFileReference; lastKnownFileType = sourcecode.c.objc; path = DownloadBigBySessionTwoVC.m; sourceTree = "<group>"; };
		69BE3E8D28AB49FE00F6E4C3 /* DownloadBigBySessionTwoVC.xib */ = {isa = PBXFileReference; lastKnownFileType = file.xib; path = DownloadBigBySessionTwoVC.xib; sourceTree = "<group>"; };
		69BE3E9028AB862500F6E4C3 /* UploadBySession.h */ = {isa = PBXFileReference; lastKnownFileType = sourcecode.c.h; path = UploadBySession.h; sourceTree = "<group>"; };
		69BE3E9128AB862500F6E4C3 /* UploadBySession.m */ = {isa = PBXFileReference; lastKnownFileType = sourcecode.c.objc; path = UploadBySession.m; sourceTree = "<group>"; };
		69BE3E9428ABA21F00F6E4C3 /* WebViewVC.h */ = {isa = PBXFileReference; lastKnownFileType = sourcecode.c.h; path = WebViewVC.h; sourceTree = "<group>"; };
		69BE3E9528ABA21F00F6E4C3 /* WebViewVC.m */ = {isa = PBXFileReference; lastKnownFileType = sourcecode.c.objc; path = WebViewVC.m; sourceTree = "<group>"; };
		69BE3E9628ABA21F00F6E4C3 /* WebViewVC.xib */ = {isa = PBXFileReference; lastKnownFileType = file.xib; path = WebViewVC.xib; sourceTree = "<group>"; };
		69BE3E9928ABAC9B00F6E4C3 /* LinWebView.h */ = {isa = PBXFileReference; lastKnownFileType = sourcecode.c.h; path = LinWebView.h; sourceTree = "<group>"; };
		69BE3E9A28ABAC9B00F6E4C3 /* LinWebView.m */ = {isa = PBXFileReference; lastKnownFileType = sourcecode.c.objc; path = LinWebView.m; sourceTree = "<group>"; };
		69BE3E9C28ABB1B600F6E4C3 /* AFNVC.h */ = {isa = PBXFileReference; lastKnownFileType = sourcecode.c.h; path = AFNVC.h; sourceTree = "<group>"; };
		69BE3E9D28ABB1B600F6E4C3 /* AFNVC.m */ = {isa = PBXFileReference; lastKnownFileType = sourcecode.c.objc; path = AFNVC.m; sourceTree = "<group>"; };
		69BFB8FC28AF6273001A9BB1 /* SubPerson.h */ = {isa = PBXFileReference; lastKnownFileType = sourcecode.c.h; path = SubPerson.h; sourceTree = "<group>"; };
		69BFB8FD28AF6273001A9BB1 /* SubPerson.m */ = {isa = PBXFileReference; lastKnownFileType = sourcecode.c.objc; path = SubPerson.m; sourceTree = "<group>"; };
		69BFB90028AF74C4001A9BB1 /* ConstVC.h */ = {isa = PBXFileReference; lastKnownFileType = sourcecode.c.h; path = ConstVC.h; sourceTree = "<group>"; };
		69BFB90128AF74C4001A9BB1 /* ConstVC.m */ = {isa = PBXFileReference; lastKnownFileType = sourcecode.c.objc; path = ConstVC.m; sourceTree = "<group>"; };
		69C71E7E28A79B210025F49F /* RunLoopUseVC.h */ = {isa = PBXFileReference; lastKnownFileType = sourcecode.c.h; path = RunLoopUseVC.h; sourceTree = "<group>"; };
		69C71E7F28A79B210025F49F /* RunLoopUseVC.m */ = {isa = PBXFileReference; lastKnownFileType = sourcecode.c.objc; path = RunLoopUseVC.m; sourceTree = "<group>"; };
		69C71E8628A7AAC20025F49F /* ThreadVC.h */ = {isa = PBXFileReference; lastKnownFileType = sourcecode.c.h; path = ThreadVC.h; sourceTree = "<group>"; };
		69C71E8728A7AAC20025F49F /* ThreadVC.m */ = {isa = PBXFileReference; lastKnownFileType = sourcecode.c.objc; path = ThreadVC.m; sourceTree = "<group>"; };
		69C71E8A28A7B68E0025F49F /* NetWorkVC.h */ = {isa = PBXFileReference; lastKnownFileType = sourcecode.c.h; path = NetWorkVC.h; sourceTree = "<group>"; };
		69C71E8B28A7B68E0025F49F /* NetWorkVC.m */ = {isa = PBXFileReference; lastKnownFileType = sourcecode.c.objc; path = NetWorkVC.m; sourceTree = "<group>"; };
		69D61FEC289EAB8800123581 /* SportProtocol.h */ = {isa = PBXFileReference; lastKnownFileType = sourcecode.c.h; path = SportProtocol.h; sourceTree = "<group>"; };
		69E6FE2828A4E7AF00896D4E /* SDWebVC.h */ = {isa = PBXFileReference; lastKnownFileType = sourcecode.c.h; path = SDWebVC.h; sourceTree = "<group>"; };
		69E6FE2928A4E7AF00896D4E /* SDWebVC.m */ = {isa = PBXFileReference; lastKnownFileType = sourcecode.c.objc; path = SDWebVC.m; sourceTree = "<group>"; };
		69E6FE2A28A4E7AF00896D4E /* SDWebVC.xib */ = {isa = PBXFileReference; lastKnownFileType = file.xib; path = SDWebVC.xib; sourceTree = "<group>"; };
		69E6FE3128A5284300896D4E /* NSCachesVC.h */ = {isa = PBXFileReference; lastKnownFileType = sourcecode.c.h; path = NSCachesVC.h; sourceTree = "<group>"; };
		69E6FE3228A5284300896D4E /* NSCachesVC.m */ = {isa = PBXFileReference; lastKnownFileType = sourcecode.c.objc; path = NSCachesVC.m; sourceTree = "<group>"; };
		69E6FE3328A5284300896D4E /* NSCachesVC.xib */ = {isa = PBXFileReference; lastKnownFileType = file.xib; path = NSCachesVC.xib; sourceTree = "<group>"; };
		69EA7A9528AF180E006A6B4B /* NSObject+Model.h */ = {isa = PBXFileReference; lastKnownFileType = sourcecode.c.h; path = "NSObject+Model.h"; sourceTree = "<group>"; };
		69EA7A9628AF180E006A6B4B /* NSObject+Model.m */ = {isa = PBXFileReference; lastKnownFileType = sourcecode.c.objc; path = "NSObject+Model.m"; sourceTree = "<group>"; };
		69EA7A9828AF1E85006A6B4B /* User.h */ = {isa = PBXFileReference; lastKnownFileType = sourcecode.c.h; path = User.h; sourceTree = "<group>"; };
		69EA7A9928AF1E85006A6B4B /* User.m */ = {isa = PBXFileReference; lastKnownFileType = sourcecode.c.objc; path = User.m; sourceTree = "<group>"; };
		69EA7AA028AF2FA0006A6B4B /* SuperClassAndClassVC.h */ = {isa = PBXFileReference; lastKnownFileType = sourcecode.c.h; path = SuperClassAndClassVC.h; sourceTree = "<group>"; };
		69EA7AA128AF2FA0006A6B4B /* SuperClassAndClassVC.m */ = {isa = PBXFileReference; lastKnownFileType = sourcecode.c.objc; path = SuperClassAndClassVC.m; sourceTree = "<group>"; };
		69EA7AA328AF2FEA006A6B4B /* OtherVC.h */ = {isa = PBXFileReference; lastKnownFileType = sourcecode.c.h; path = OtherVC.h; sourceTree = "<group>"; };
		69EA7AA428AF2FEA006A6B4B /* OtherVC.m */ = {isa = PBXFileReference; lastKnownFileType = sourcecode.c.objc; path = OtherVC.m; sourceTree = "<group>"; };
		69F6F6DB28B32A8800675D4C /* ExtensionWangyiVC.h */ = {isa = PBXFileReference; lastKnownFileType = sourcecode.c.h; path = ExtensionWangyiVC.h; sourceTree = "<group>"; };
		69F6F6DC28B32A8800675D4C /* ExtensionWangyiVC.m */ = {isa = PBXFileReference; lastKnownFileType = sourcecode.c.objc; path = ExtensionWangyiVC.m; sourceTree = "<group>"; };
		69F6F6DF28B32E8400675D4C /* ScrollviewAutoLayoutVC.h */ = {isa = PBXFileReference; lastKnownFileType = sourcecode.c.h; path = ScrollviewAutoLayoutVC.h; sourceTree = "<group>"; };
		69F6F6E028B32E8400675D4C /* ScrollviewAutoLayoutVC.m */ = {isa = PBXFileReference; lastKnownFileType = sourcecode.c.objc; path = ScrollviewAutoLayoutVC.m; sourceTree = "<group>"; };
		69F6F6E128B32E8400675D4C /* ScrollviewAutoLayoutVC.xib */ = {isa = PBXFileReference; lastKnownFileType = file.xib; path = ScrollviewAutoLayoutVC.xib; sourceTree = "<group>"; };
		69F6F6E528B35E4000675D4C /* SizeAndCenterVC.h */ = {isa = PBXFileReference; lastKnownFileType = sourcecode.c.h; path = SizeAndCenterVC.h; sourceTree = "<group>"; };
		69F6F6E628B35E4000675D4C /* SizeAndCenterVC.m */ = {isa = PBXFileReference; lastKnownFileType = sourcecode.c.objc; path = SizeAndCenterVC.m; sourceTree = "<group>"; };
		69F6F6E928B366DF00675D4C /* NoticeVC.h */ = {isa = PBXFileReference; lastKnownFileType = sourcecode.c.h; path = NoticeVC.h; sourceTree = "<group>"; };
		69F6F6EA28B366DF00675D4C /* NoticeVC.m */ = {isa = PBXFileReference; lastKnownFileType = sourcecode.c.objc; path = NoticeVC.m; sourceTree = "<group>"; };
		69F6F6EB28B366DF00675D4C /* NoticeVC.xib */ = {isa = PBXFileReference; lastKnownFileType = file.xib; path = NoticeVC.xib; sourceTree = "<group>"; };
		69F6F6EF28B3745E00675D4C /* EnumVC.h */ = {isa = PBXFileReference; lastKnownFileType = sourcecode.c.h; path = EnumVC.h; sourceTree = "<group>"; };
		69F6F6F028B3745E00675D4C /* EnumVC.m */ = {isa = PBXFileReference; lastKnownFileType = sourcecode.c.objc; path = EnumVC.m; sourceTree = "<group>"; };
		69F6F6F128B3745E00675D4C /* EnumVC.xib */ = {isa = PBXFileReference; lastKnownFileType = file.xib; path = EnumVC.xib; sourceTree = "<group>"; };
		69F6F6F528B3778C00675D4C /* AssignAndWeakVC.h */ = {isa = PBXFileReference; lastKnownFileType = sourcecode.c.h; path = AssignAndWeakVC.h; sourceTree = "<group>"; };
		69F6F6F628B3778C00675D4C /* AssignAndWeakVC.m */ = {isa = PBXFileReference; lastKnownFileType = sourcecode.c.objc; path = AssignAndWeakVC.m; sourceTree = "<group>"; };
		69F6F6F728B3778C00675D4C /* AssignAndWeakVC.xib */ = {isa = PBXFileReference; lastKnownFileType = file.xib; path = AssignAndWeakVC.xib; sourceTree = "<group>"; };
		69F6F6FB28B37AB700675D4C /* FrameAndBoundsVC.h */ = {isa = PBXFileReference; lastKnownFileType = sourcecode.c.h; path = FrameAndBoundsVC.h; sourceTree = "<group>"; };
		69F6F6FC28B37AB700675D4C /* FrameAndBoundsVC.m */ = {isa = PBXFileReference; lastKnownFileType = sourcecode.c.objc; path = FrameAndBoundsVC.m; sourceTree = "<group>"; };
		797F5A7ABB2AC5161FA5D729 /* Pods_OC_Learning.framework */ = {isa = PBXFileReference; explicitFileType = wrapper.framework; includeInIndex = 0; path = Pods_OC_Learning.framework; sourceTree = BUILT_PRODUCTS_DIR; };
		E9E28AFC560A7DCF01A7100F /* Pods-OC_Learning.debug.xcconfig */ = {isa = PBXFileReference; includeInIndex = 1; lastKnownFileType = text.xcconfig; name = "Pods-OC_Learning.debug.xcconfig"; path = "Target Support Files/Pods-OC_Learning/Pods-OC_Learning.debug.xcconfig"; sourceTree = "<group>"; };
/* End PBXFileReference section */

/* Begin PBXFrameworksBuildPhase section */
		6934221E28918CD0007561A1 /* Frameworks */ = {
			isa = PBXFrameworksBuildPhase;
			buildActionMask = 2147483647;
			files = (
				6965ACD728A9D523000A8202 /* libxml2.tbd in Frameworks */,
				6965ACD528A9D515000A8202 /* libxml2.2.tbd in Frameworks */,
				34FF010AE765F24DD3D455A2 /* Pods_OC_Learning.framework in Frameworks */,
			);
			runOnlyForDeploymentPostprocessing = 0;
		};
/* End PBXFrameworksBuildPhase section */

/* Begin PBXGroup section */
		246987F4BD0A802BB7BBCF56 /* Pods */ = {
			isa = PBXGroup;
			children = (
				E9E28AFC560A7DCF01A7100F /* Pods-OC_Learning.debug.xcconfig */,
				67F3AD08DA232E89FE429F4B /* Pods-OC_Learning.release.xcconfig */,
			);
			path = Pods;
			sourceTree = "<group>";
		};
		26721CD90E598617EF692A08 /* Frameworks */ = {
			isa = PBXGroup;
			children = (
				6965ACD628A9D523000A8202 /* libxml2.tbd */,
				6965ACD428A9D515000A8202 /* libxml2.2.tbd */,
				797F5A7ABB2AC5161FA5D729 /* Pods_OC_Learning.framework */,
			);
			name = Frameworks;
			sourceTree = "<group>";
		};
		6914760628B07663001F5BB6 /* fatherAndson */ = {
			isa = PBXGroup;
			children = (
				6914761428B07A87001F5BB6 /* hot */,
				6914761328B07A80001F5BB6 /* top */,
				6914761228B07A77001F5BB6 /* society */,
				6914760D28B07764001F5BB6 /* FatherAndSonVC.h */,
				6914760E28B07764001F5BB6 /* FatherAndSonVC.m */,
				6914760F28B07764001F5BB6 /* FatherAndSonVC.xib */,
			);
			path = fatherAndson;
			sourceTree = "<group>";
		};
		6914761228B07A77001F5BB6 /* society */ = {
			isa = PBXGroup;
			children = (
				6914761F28B07AB5001F5BB6 /* SocietyVC.h */,
				6914762028B07AB5001F5BB6 /* SocietyVC.m */,
				6914762128B07AB5001F5BB6 /* SocietyVC.xib */,
			);
			path = society;
			sourceTree = "<group>";
		};
		6914761328B07A80001F5BB6 /* top */ = {
			isa = PBXGroup;
			children = (
				6914761A28B07AA5001F5BB6 /* TopVC.h */,
				6914761B28B07AA5001F5BB6 /* TopVC.m */,
				6914761C28B07AA5001F5BB6 /* TopVC.xib */,
			);
			path = top;
			sourceTree = "<group>";
		};
		6914761428B07A87001F5BB6 /* hot */ = {
			isa = PBXGroup;
			children = (
				6914761528B07A96001F5BB6 /* HotVC.h */,
				6914761628B07A96001F5BB6 /* HotVC.m */,
				6914761728B07A96001F5BB6 /* HotVC.xib */,
			);
			path = hot;
			sourceTree = "<group>";
		};
		6914762428B0C0D7001F5BB6 /* wangyi */ = {
			isa = PBXGroup;
			children = (
				6914766328B0D99F001F5BB6 /* children */,
				6914762528B0C14B001F5BB6 /* WangyiVC.h */,
				6914762628B0C14B001F5BB6 /* WangyiVC.m */,
				6914762728B0C14B001F5BB6 /* WangyiVC.xib */,
				69F6F6DB28B32A8800675D4C /* ExtensionWangyiVC.h */,
				69F6F6DC28B32A8800675D4C /* ExtensionWangyiVC.m */,
			);
			path = wangyi;
			sourceTree = "<group>";
		};
		6914766328B0D99F001F5BB6 /* children */ = {
			isa = PBXGroup;
			children = (
				6914766428B0DA3A001F5BB6 /* VideoVC.h */,
				6914766528B0DA3A001F5BB6 /* VideoVC.m */,
				6914766728B0DE45001F5BB6 /* StarVC.h */,
				6914766828B0DE45001F5BB6 /* StarVC.m */,
			);
			path = children;
			sourceTree = "<group>";
		};
		6934221828918CD0007561A1 = {
			isa = PBXGroup;
			children = (
				6973864128A2526000F4239C /* .gitgnore.md */,
				6934222328918CD0007561A1 /* OC_Learning */,
				6934222228918CD0007561A1 /* Products */,
				246987F4BD0A802BB7BBCF56 /* Pods */,
				26721CD90E598617EF692A08 /* Frameworks */,
			);
			sourceTree = "<group>";
		};
		6934222228918CD0007561A1 /* Products */ = {
			isa = PBXGroup;
			children = (
				6934222128918CD0007561A1 /* OC_Learning.app */,
			);
			name = Products;
			sourceTree = "<group>";
		};
		6934222328918CD0007561A1 /* OC_Learning */ = {
			isa = PBXGroup;
			children = (
				69EA7A9E28AF2F33006A6B4B /* other */,
				69424E4528AE472F00DF0939 /* AVFoundation */,
				69424E2D28ADCD2900DF0939 /* runtime */,
				69C71E8928A7B6730025F49F /* network */,
				695E8CE328A3637A00A7914A /* header */,
				695E8CDF28A3595400A7914A /* instance */,
				6973863428A23A5800F4239C /* thread */,
				6934222428918CD0007561A1 /* AppDelegate.h */,
				6934222528918CD0007561A1 /* AppDelegate.m */,
				6934222728918CD0007561A1 /* SceneDelegate.h */,
				6934222828918CD0007561A1 /* SceneDelegate.m */,
				6934222A28918CD0007561A1 /* ViewController.h */,
				6934222B28918CD0007561A1 /* ViewController.m */,
				6934222D28918CD0007561A1 /* Main.storyboard */,
				6934223028918CD2007561A1 /* Assets.xcassets */,
				6934223228918CD2007561A1 /* LaunchScreen.storyboard */,
				6934223528918CD2007561A1 /* Info.plist */,
				6934223628918CD2007561A1 /* main.m */,
				69D61FEC289EAB8800123581 /* SportProtocol.h */,
				6914760328B074E8001F5BB6 /* GlobalConst.h */,
				6914760428B074E8001F5BB6 /* GlobalConst.m */,
			);
			path = OC_Learning;
			sourceTree = "<group>";
		};
		694114CC28AC9A1400BE6792 /* encode_decode */ = {
			isa = PBXGroup;
			children = (
				694114CD28AC9A2E00BE6792 /* EncryptionTools.h */,
				694114D228AC9A2E00BE6792 /* EncryptionTools.m */,
				694114CF28AC9A2E00BE6792 /* NSString+Hash.h */,
				694114CE28AC9A2E00BE6792 /* NSString+Hash.m */,
				694114D028AC9A2E00BE6792 /* RSACryptor.h */,
				694114D128AC9A2E00BE6792 /* RSACryptor.m */,
				694114C628AC962800BE6792 /* EncryptionVC.h */,
				694114C728AC962800BE6792 /* EncryptionVC.m */,
			);
			path = encode_decode;
			sourceTree = "<group>";
		};
		69424E2D28ADCD2900DF0939 /* runtime */ = {
			isa = PBXGroup;
			children = (
				69424E3D28AE2AB800DF0939 /* status.plist */,
				69424E2A28ADCA7F00DF0939 /* runtimeVC.h */,
				69424E2B28ADCA7F00DF0939 /* runtimeVC.m */,
				69424E2E28ADDA0400DF0939 /* Person.h */,
				69424E2F28ADDA0400DF0939 /* Person.m */,
				69424E3128ADEF1700DF0939 /* RuntimeChangeFunctionVC.h */,
				69424E3228ADEF1700DF0939 /* RuntimeChangeFunctionVC.m */,
				69424E3428AE0A6F00DF0939 /* UIImage+image.h */,
				69424E3528AE0A6F00DF0939 /* UIImage+image.m */,
				69424E3728AE1F5E00DF0939 /* NSObject+property.h */,
				69424E3828AE1F5E00DF0939 /* NSObject+property.m */,
				69424E3A28AE230700DF0939 /* runtimeKVCVC.h */,
				69424E3B28AE230700DF0939 /* runtimeKVCVC.m */,
				69424E3F28AE2BED00DF0939 /* StatusItem.h */,
				69424E4028AE2BED00DF0939 /* StatusItem.m */,
				69424E4228AE2D6F00DF0939 /* NSDictionary+Property.h */,
				69424E4328AE2D6F00DF0939 /* NSDictionary+Property.m */,
				69EA7A9528AF180E006A6B4B /* NSObject+Model.h */,
				69EA7A9628AF180E006A6B4B /* NSObject+Model.m */,
				69EA7A9828AF1E85006A6B4B /* User.h */,
				69EA7A9928AF1E85006A6B4B /* User.m */,
			);
			path = runtime;
			sourceTree = "<group>";
		};
		69424E4528AE472F00DF0939 /* AVFoundation */ = {
			isa = PBXGroup;
			children = (
				69424E4B28AE52E600DF0939 /* Categories */,
			);
			path = AVFoundation;
			sourceTree = "<group>";
		};
		69424E4B28AE52E600DF0939 /* Categories */ = {
			isa = PBXGroup;
			children = (
				69424E4F28AE534000DF0939 /* NSFileManager+Additions.h */,
				69424E5028AE534000DF0939 /* NSFileManager+Additions.m */,
			);
			path = Categories;
			sourceTree = "<group>";
		};
		695E8CDF28A3595400A7914A /* instance */ = {
			isa = PBXGroup;
			children = (
				695E8CE028A3597600A7914A /* LinTool.h */,
				695E8CE128A3597600A7914A /* LinTool.m */,
			);
			path = instance;
			sourceTree = "<group>";
		};
		695E8CE328A3637A00A7914A /* header */ = {
			isa = PBXGroup;
			children = (
				695E8CE428A3639A00A7914A /* Single.h */,
			);
			path = header;
			sourceTree = "<group>";
		};
		695E8CE828A387D000A7914A /* NSOperations */ = {
			isa = PBXGroup;
			children = (
				695E8CE528A37D0000A7914A /* NSOperationVC.h */,
				695E8CE628A37D0000A7914A /* NSOperationVC.m */,
				695E8CEA28A3881400A7914A /* LinOperation.h */,
				695E8CEB28A3881400A7914A /* LinOperation.m */,
				695E8CED28A3982300A7914A /* NSOperationSerndInfoVC.h */,
				695E8CEE28A3982300A7914A /* NSOperationSerndInfoVC.m */,
			);
			path = NSOperations;
			sourceTree = "<group>";
		};
		695E8CE928A387F000A7914A /* GCDs */ = {
			isa = PBXGroup;
			children = (
				6973864B28A289C800F4239C /* GCDVC.h */,
				6973864C28A289C800F4239C /* GCDVC.m */,
				6973864E28A29ADD00F4239C /* GCDSendInfoVC.h */,
				6973864F28A29ADD00F4239C /* GCDSendInfoVC.m */,
				695E8CDC28A34BB900A7914A /* GCDGroupQueueVC.h */,
				695E8CDD28A34BB900A7914A /* GCDGroupQueueVC.m */,
			);
			path = GCDs;
			sourceTree = "<group>";
		};
		695E8CF128A3A54300A7914A /* NSThreads */ = {
			isa = PBXGroup;
			children = (
				6973863E28A24AAB00F4239C /* NSThreadVC.h */,
				6973863F28A24AAB00F4239C /* NSThreadVC.m */,
				6973864528A26CB800F4239C /* ThreadSafetyVC.h */,
				6973864628A26CB800F4239C /* ThreadSafetyVC.m */,
				6973864828A279D200F4239C /* ThreadSendInfoVC.h */,
				6973864928A279D200F4239C /* ThreadSendInfoVC.m */,
			);
			path = NSThreads;
			sourceTree = "<group>";
		};
		695E8CF228A3A59800A7914A /* ImageDownLoad */ = {
			isa = PBXGroup;
			children = (
				695E8CFB28A3D7B500A7914A /* apps.plist */,
				695E8CF328A3D33A00A7914A /* ImagedownLoadVC.h */,
				695E8CF428A3D33A00A7914A /* ImagedownLoadVC.m */,
				695E8CF528A3D33A00A7914A /* ImagedownLoadVC.xib */,
				695E8CF828A3D63F00A7914A /* LinAPP.h */,
				695E8CF928A3D63F00A7914A /* LinAPP.m */,
			);
			path = ImageDownLoad;
			sourceTree = "<group>";
		};
		6965ACDD28A9E83A000A8202 /* download */ = {
			isa = PBXGroup;
			children = (
				6965ACDE28A9E875000A8202 /* DownLoadLittleVC.h */,
				6965ACDF28A9E875000A8202 /* DownLoadLittleVC.m */,
				6965ACE128A9F6DB000A8202 /* DownloadBigByConnectionVC.h */,
				6965ACE228A9F6DB000A8202 /* DownloadBigByConnectionVC.m */,
				6965ACE528AA3C20000A8202 /* DownloadByOutPutVC.h */,
				6965ACE628AA3C20000A8202 /* DownloadByOutPutVC.m */,
				6965ACEB28AA3F65000A8202 /* UploadByConnectionVC.h */,
				6965ACEC28AA3F65000A8202 /* UploadByConnectionVC.m */,
				69BE3E8828AB2FFA00F6E4C3 /* DownloadBigBySessionVC.h */,
				69BE3E8928AB2FFA00F6E4C3 /* DownloadBigBySessionVC.m */,
				69BE3E8B28AB49FE00F6E4C3 /* DownloadBigBySessionTwoVC.h */,
				69BE3E8C28AB49FE00F6E4C3 /* DownloadBigBySessionTwoVC.m */,
				69BE3E8D28AB49FE00F6E4C3 /* DownloadBigBySessionTwoVC.xib */,
				69BE3E9028AB862500F6E4C3 /* UploadBySession.h */,
				69BE3E9128AB862500F6E4C3 /* UploadBySession.m */,
			);
			path = download;
			sourceTree = "<group>";
		};
		6973863428A23A5800F4239C /* thread */ = {
			isa = PBXGroup;
			children = (
				69B3E6C328A5F1C50070AE3B /* RunLoops */,
				69E6FE2D28A5280800896D4E /* NSCaches */,
				69E6FE2428A4E75A00896D4E /* SDWebImages */,
				695E8CF228A3A59800A7914A /* ImageDownLoad */,
				695E8CF128A3A54300A7914A /* NSThreads */,
				695E8CE928A387F000A7914A /* GCDs */,
				695E8CE828A387D000A7914A /* NSOperations */,
				6973863B28A23B4100F4239C /* PthreadVC.h */,
				6973863C28A23B4100F4239C /* PthreadVC.m */,
				69C71E8628A7AAC20025F49F /* ThreadVC.h */,
				69C71E8728A7AAC20025F49F /* ThreadVC.m */,
			);
			path = thread;
			sourceTree = "<group>";
		};
		69B3E6C328A5F1C50070AE3B /* RunLoops */ = {
			isa = PBXGroup;
			children = (
				69B3E6C428A5F21E0070AE3B /* RunLoopsVC.h */,
				69B3E6C528A5F21E0070AE3B /* RunLoopsVC.m */,
				69B3E6C628A5F21E0070AE3B /* RunLoopsVC.xib */,
				69C71E7E28A79B210025F49F /* RunLoopUseVC.h */,
				69C71E7F28A79B210025F49F /* RunLoopUseVC.m */,
			);
			path = RunLoops;
			sourceTree = "<group>";
		};
		69B57B3E28A8C64500466BC1 /* Native */ = {
			isa = PBXGroup;
			children = (
				6965ACD828A9D6E1000A8202 /* local.xml */,
				69B57B3F28A8C66800466BC1 /* NativeVC.h */,
				69B57B4028A8C66800466BC1 /* NativeVC.m */,
				69B57B4228A8E3D000466BC1 /* JSONDataShowVC.h */,
				69B57B4328A8E3D000466BC1 /* JSONDataShowVC.m */,
				69B57B4928A9110E00466BC1 /* XMLVC.h */,
				69B57B4A28A9110E00466BC1 /* XMLVC.m */,
				6965ACDA28A9DCE1000A8202 /* NSDictionary+Log.h */,
				6965ACDB28A9DCE1000A8202 /* NSDictionary+Log.m */,
				69BE3E8528AB208900F6E4C3 /* NSURLSessionVC.h */,
				69BE3E8628AB208900F6E4C3 /* NSURLSessionVC.m */,
			);
			path = Native;
			sourceTree = "<group>";
		};
		69B57B4528A8FDBC00466BC1 /* mode */ = {
			isa = PBXGroup;
			children = (
				69B57B4628A8FDE800466BC1 /* LinTimeMode.h */,
				69B57B4728A8FDE800466BC1 /* LinTimeMode.m */,
			);
			path = mode;
			sourceTree = "<group>";
		};
		69BE3E9328AB982F00F6E4C3 /* webview */ = {
			isa = PBXGroup;
			children = (
				69BE3E9428ABA21F00F6E4C3 /* WebViewVC.h */,
				69BE3E9528ABA21F00F6E4C3 /* WebViewVC.m */,
				69BE3E9628ABA21F00F6E4C3 /* WebViewVC.xib */,
				69BE3E9928ABAC9B00F6E4C3 /* LinWebView.h */,
				69BE3E9A28ABAC9B00F6E4C3 /* LinWebView.m */,
			);
			path = webview;
			sourceTree = "<group>";
		};
		69BFB8FF28AF74A2001A9BB1 /* Const */ = {
			isa = PBXGroup;
			children = (
				69BFB90028AF74C4001A9BB1 /* ConstVC.h */,
				69BFB90128AF74C4001A9BB1 /* ConstVC.m */,
			);
			path = Const;
			sourceTree = "<group>";
		};
		69C71E8928A7B6730025F49F /* network */ = {
			isa = PBXGroup;
			children = (
				694114CC28AC9A1400BE6792 /* encode_decode */,
				694114CA28AC99DE00BE6792 /* YYHttpTool.h */,
				694114C928AC99DE00BE6792 /* YYHttpTool.m */,
				69BE3E9328AB982F00F6E4C3 /* webview */,
				6965ACDD28A9E83A000A8202 /* download */,
				69B57B4528A8FDBC00466BC1 /* mode */,
				69B57B3E28A8C64500466BC1 /* Native */,
				69C71E8A28A7B68E0025F49F /* NetWorkVC.h */,
				69C71E8B28A7B68E0025F49F /* NetWorkVC.m */,
				69BE3E9C28ABB1B600F6E4C3 /* AFNVC.h */,
				69BE3E9D28ABB1B600F6E4C3 /* AFNVC.m */,
				694114C028AC7BA700BE6792 /* NetworkStatusVC.h */,
				694114C128AC7BA700BE6792 /* NetworkStatusVC.m */,
				694114C328AC878D00BE6792 /* Reachability.h */,
				694114C428AC878D00BE6792 /* Reachability.m */,
			);
			path = network;
			sourceTree = "<group>";
		};
		69E6FE2428A4E75A00896D4E /* SDWebImages */ = {
			isa = PBXGroup;
			children = (
				69E6FE2828A4E7AF00896D4E /* SDWebVC.h */,
				69E6FE2928A4E7AF00896D4E /* SDWebVC.m */,
				69E6FE2A28A4E7AF00896D4E /* SDWebVC.xib */,
			);
			path = SDWebImages;
			sourceTree = "<group>";
		};
		69E6FE2D28A5280800896D4E /* NSCaches */ = {
			isa = PBXGroup;
			children = (
				69E6FE3128A5284300896D4E /* NSCachesVC.h */,
				69E6FE3228A5284300896D4E /* NSCachesVC.m */,
				69E6FE3328A5284300896D4E /* NSCachesVC.xib */,
			);
			path = NSCaches;
			sourceTree = "<group>";
		};
		69EA7A9E28AF2F33006A6B4B /* other */ = {
			isa = PBXGroup;
			children = (
				69F6F6FA28B37A9F00675D4C /* frame和bounds */,
				69F6F6F428B3776B00675D4C /* assign和weak */,
				69F6F6EE28B3744200675D4C /* 枚举中的位运算 */,
				69F6F6E828B3666B00675D4C /* 通知补充 */,
				69F6F6E428B35E2700675D4C /* Size和center */,
				69F6F6DE28B32D9100675D4C /* UIScrollView自动布局 */,
				6914762428B0C0D7001F5BB6 /* wangyi */,
				6914760628B07663001F5BB6 /* fatherAndson */,
				69BFB8FF28AF74A2001A9BB1 /* Const */,
				69EA7AA628AF3158006A6B4B /* SuperClassAndClass */,
				69EA7AA328AF2FEA006A6B4B /* OtherVC.h */,
				69EA7AA428AF2FEA006A6B4B /* OtherVC.m */,
			);
			path = other;
			sourceTree = "<group>";
		};
		69EA7AA628AF3158006A6B4B /* SuperClassAndClass */ = {
			isa = PBXGroup;
			children = (
				69EA7AA028AF2FA0006A6B4B /* SuperClassAndClassVC.h */,
				69EA7AA128AF2FA0006A6B4B /* SuperClassAndClassVC.m */,
				69BFB8FC28AF6273001A9BB1 /* SubPerson.h */,
				69BFB8FD28AF6273001A9BB1 /* SubPerson.m */,
			);
			path = SuperClassAndClass;
			sourceTree = "<group>";
		};
		69F6F6DE28B32D9100675D4C /* UIScrollView自动布局 */ = {
			isa = PBXGroup;
			children = (
				69F6F6DF28B32E8400675D4C /* ScrollviewAutoLayoutVC.h */,
				69F6F6E028B32E8400675D4C /* ScrollviewAutoLayoutVC.m */,
				69F6F6E128B32E8400675D4C /* ScrollviewAutoLayoutVC.xib */,
			);
			path = "UIScrollView自动布局";
			sourceTree = "<group>";
		};
		69F6F6E428B35E2700675D4C /* Size和center */ = {
			isa = PBXGroup;
			children = (
				69F6F6E528B35E4000675D4C /* SizeAndCenterVC.h */,
				69F6F6E628B35E4000675D4C /* SizeAndCenterVC.m */,
			);
			path = "Size和center";
			sourceTree = "<group>";
		};
		69F6F6E828B3666B00675D4C /* 通知补充 */ = {
			isa = PBXGroup;
			children = (
				69F6F6E928B366DF00675D4C /* NoticeVC.h */,
				69F6F6EA28B366DF00675D4C /* NoticeVC.m */,
				69F6F6EB28B366DF00675D4C /* NoticeVC.xib */,
			);
			path = "通知补充";
			sourceTree = "<group>";
		};
		69F6F6EE28B3744200675D4C /* 枚举中的位运算 */ = {
			isa = PBXGroup;
			children = (
				69F6F6EF28B3745E00675D4C /* EnumVC.h */,
				69F6F6F028B3745E00675D4C /* EnumVC.m */,
				69F6F6F128B3745E00675D4C /* EnumVC.xib */,
			);
			path = "枚举中的位运算";
			sourceTree = "<group>";
		};
		69F6F6F428B3776B00675D4C /* assign和weak */ = {
			isa = PBXGroup;
			children = (
				69F6F6F528B3778C00675D4C /* AssignAndWeakVC.h */,
				69F6F6F628B3778C00675D4C /* AssignAndWeakVC.m */,
				69F6F6F728B3778C00675D4C /* AssignAndWeakVC.xib */,
			);
			path = "assign和weak";
			sourceTree = "<group>";
		};
		69F6F6FA28B37A9F00675D4C /* frame和bounds */ = {
			isa = PBXGroup;
			children = (
				69F6F6FB28B37AB700675D4C /* FrameAndBoundsVC.h */,
				69F6F6FC28B37AB700675D4C /* FrameAndBoundsVC.m */,
			);
			path = "frame和bounds";
			sourceTree = "<group>";
		};
/* End PBXGroup section */

/* Begin PBXNativeTarget section */
		6934222028918CD0007561A1 /* OC_Learning */ = {
			isa = PBXNativeTarget;
			buildConfigurationList = 6934223A28918CD2007561A1 /* Build configuration list for PBXNativeTarget "OC_Learning" */;
			buildPhases = (
				37246A39C14EE899C581CB36 /* [CP] Check Pods Manifest.lock */,
				6934221D28918CD0007561A1 /* Sources */,
				6934221E28918CD0007561A1 /* Frameworks */,
				6934221F28918CD0007561A1 /* Resources */,
				F3EDC67B7D64276EB0426F08 /* [CP] Embed Pods Frameworks */,
			);
			buildRules = (
			);
			dependencies = (
			);
			name = OC_Learning;
			productName = OC_Learning;
			productReference = 6934222128918CD0007561A1 /* OC_Learning.app */;
			productType = "com.apple.product-type.application";
		};
/* End PBXNativeTarget section */

/* Begin PBXProject section */
		6934221928918CD0007561A1 /* Project object */ = {
			isa = PBXProject;
			attributes = {
				BuildIndependentTargetsInParallel = 1;
				LastUpgradeCheck = 1320;
				TargetAttributes = {
					6934222028918CD0007561A1 = {
						CreatedOnToolsVersion = 13.2.1;
					};
				};
			};
			buildConfigurationList = 6934221C28918CD0007561A1 /* Build configuration list for PBXProject "OC_Learning" */;
			compatibilityVersion = "Xcode 13.0";
			developmentRegion = en;
			hasScannedForEncodings = 0;
			knownRegions = (
				en,
				Base,
			);
			mainGroup = 6934221828918CD0007561A1;
			productRefGroup = 6934222228918CD0007561A1 /* Products */;
			projectDirPath = "";
			projectRoot = "";
			targets = (
				6934222028918CD0007561A1 /* OC_Learning */,
			);
		};
/* End PBXProject section */

/* Begin PBXResourcesBuildPhase section */
		6934221F28918CD0007561A1 /* Resources */ = {
			isa = PBXResourcesBuildPhase;
			buildActionMask = 2147483647;
			files = (
				69F6F6F928B3778C00675D4C /* AssignAndWeakVC.xib in Resources */,
				6914761E28B07AA5001F5BB6 /* TopVC.xib in Resources */,
				69E6FE2C28A4E7AF00896D4E /* SDWebVC.xib in Resources */,
				69BE3E9828ABA21F00F6E4C3 /* WebViewVC.xib in Resources */,
				69E6FE3528A5284300896D4E /* NSCachesVC.xib in Resources */,
				6914761128B07764001F5BB6 /* FatherAndSonVC.xib in Resources */,
				69F6F6E328B32E8400675D4C /* ScrollviewAutoLayoutVC.xib in Resources */,
				6914762928B0C14B001F5BB6 /* WangyiVC.xib in Resources */,
				69B3E6C828A5F21E0070AE3B /* RunLoopsVC.xib in Resources */,
				695E8CF728A3D33A00A7914A /* ImagedownLoadVC.xib in Resources */,
				6914762328B07AB5001F5BB6 /* SocietyVC.xib in Resources */,
				6914761928B07A96001F5BB6 /* HotVC.xib in Resources */,
				69F6F6ED28B366DF00675D4C /* NoticeVC.xib in Resources */,
				6965ACD928A9D6E1000A8202 /* local.xml in Resources */,
				69F6F6F328B3745E00675D4C /* EnumVC.xib in Resources */,
				6934223428918CD2007561A1 /* LaunchScreen.storyboard in Resources */,
				69BE3E8F28AB49FE00F6E4C3 /* DownloadBigBySessionTwoVC.xib in Resources */,
				6934223128918CD2007561A1 /* Assets.xcassets in Resources */,
				695E8CFC28A3D7B500A7914A /* apps.plist in Resources */,
				69424E3E28AE2AB800DF0939 /* status.plist in Resources */,
				6934222F28918CD0007561A1 /* Main.storyboard in Resources */,
			);
			runOnlyForDeploymentPostprocessing = 0;
		};
/* End PBXResourcesBuildPhase section */

/* Begin PBXShellScriptBuildPhase section */
		37246A39C14EE899C581CB36 /* [CP] Check Pods Manifest.lock */ = {
			isa = PBXShellScriptBuildPhase;
			buildActionMask = 2147483647;
			files = (
			);
			inputFileListPaths = (
			);
			inputPaths = (
				"${PODS_PODFILE_DIR_PATH}/Podfile.lock",
				"${PODS_ROOT}/Manifest.lock",
			);
			name = "[CP] Check Pods Manifest.lock";
			outputFileListPaths = (
			);
			outputPaths = (
				"$(DERIVED_FILE_DIR)/Pods-OC_Learning-checkManifestLockResult.txt",
			);
			runOnlyForDeploymentPostprocessing = 0;
			shellPath = /bin/sh;
			shellScript = "diff \"${PODS_PODFILE_DIR_PATH}/Podfile.lock\" \"${PODS_ROOT}/Manifest.lock\" > /dev/null\nif [ $? != 0 ] ; then\n    # print error to STDERR\n    echo \"error: The sandbox is not in sync with the Podfile.lock. Run 'pod install' or update your CocoaPods installation.\" >&2\n    exit 1\nfi\n# This output is used by Xcode 'outputs' to avoid re-running this script phase.\necho \"SUCCESS\" > \"${SCRIPT_OUTPUT_FILE_0}\"\n";
			showEnvVarsInLog = 0;
		};
		F3EDC67B7D64276EB0426F08 /* [CP] Embed Pods Frameworks */ = {
			isa = PBXShellScriptBuildPhase;
			buildActionMask = 2147483647;
			files = (
			);
			inputFileListPaths = (
				"${PODS_ROOT}/Target Support Files/Pods-OC_Learning/Pods-OC_Learning-frameworks-${CONFIGURATION}-input-files.xcfilelist",
			);
			name = "[CP] Embed Pods Frameworks";
			outputFileListPaths = (
				"${PODS_ROOT}/Target Support Files/Pods-OC_Learning/Pods-OC_Learning-frameworks-${CONFIGURATION}-output-files.xcfilelist",
			);
			runOnlyForDeploymentPostprocessing = 0;
			shellPath = /bin/sh;
			shellScript = "\"${PODS_ROOT}/Target Support Files/Pods-OC_Learning/Pods-OC_Learning-frameworks.sh\"\n";
			showEnvVarsInLog = 0;
		};
/* End PBXShellScriptBuildPhase section */

/* Begin PBXSourcesBuildPhase section */
		6934221D28918CD0007561A1 /* Sources */ = {
			isa = PBXSourcesBuildPhase;
			buildActionMask = 2147483647;
			files = (
				69F6F6F828B3778C00675D4C /* AssignAndWeakVC.m in Sources */,
				695E8CF628A3D33A00A7914A /* ImagedownLoadVC.m in Sources */,
				6914762828B0C14B001F5BB6 /* WangyiVC.m in Sources */,
				6934222C28918CD0007561A1 /* ViewController.m in Sources */,
				6914760528B074E8001F5BB6 /* GlobalConst.m in Sources */,
				69F6F6E728B35E4000675D4C /* SizeAndCenterVC.m in Sources */,
				69BFB90228AF74C4001A9BB1 /* ConstVC.m in Sources */,
				69424E2C28ADCA7F00DF0939 /* runtimeVC.m in Sources */,
				6934222628918CD0007561A1 /* AppDelegate.m in Sources */,
				6934223728918CD2007561A1 /* main.m in Sources */,
				694114CB28AC99DE00BE6792 /* YYHttpTool.m in Sources */,
				69C71E8828A7AAC20025F49F /* ThreadVC.m in Sources */,
				694114D428AC9A2E00BE6792 /* RSACryptor.m in Sources */,
				69424E4128AE2BED00DF0939 /* StatusItem.m in Sources */,
				6973865028A29ADD00F4239C /* GCDSendInfoVC.m in Sources */,
				69B57B4B28A9110E00466BC1 /* XMLVC.m in Sources */,
				69424E3328ADEF1700DF0939 /* RuntimeChangeFunctionVC.m in Sources */,
				6934222928918CD0007561A1 /* SceneDelegate.m in Sources */,
				69E6FE2B28A4E7AF00896D4E /* SDWebVC.m in Sources */,
				69BE3E9E28ABB1B600F6E4C3 /* AFNVC.m in Sources */,
				69424E3C28AE230700DF0939 /* runtimeKVCVC.m in Sources */,
				6965ACE028A9E875000A8202 /* DownLoadLittleVC.m in Sources */,
				695E8CFA28A3D63F00A7914A /* LinAPP.m in Sources */,
				69B57B4828A8FDE800466BC1 /* LinTimeMode.m in Sources */,
				6973864A28A279D200F4239C /* ThreadSendInfoVC.m in Sources */,
				69C71E8028A79B210025F49F /* RunLoopUseVC.m in Sources */,
				6914761D28B07AA5001F5BB6 /* TopVC.m in Sources */,
				69424E5128AE534000DF0939 /* NSFileManager+Additions.m in Sources */,
				69F6F6F228B3745E00675D4C /* EnumVC.m in Sources */,
				69424E3928AE1F5E00DF0939 /* NSObject+property.m in Sources */,
				69EA7A9728AF180E006A6B4B /* NSObject+Model.m in Sources */,
				6973864728A26CB800F4239C /* ThreadSafetyVC.m in Sources */,
				69E6FE3428A5284300896D4E /* NSCachesVC.m in Sources */,
				694114C828AC962800BE6792 /* EncryptionVC.m in Sources */,
				694114D528AC9A2E00BE6792 /* EncryptionTools.m in Sources */,
				6914766628B0DA3B001F5BB6 /* VideoVC.m in Sources */,
				69F6F6DD28B32A8800675D4C /* ExtensionWangyiVC.m in Sources */,
				6965ACE728AA3C20000A8202 /* DownloadByOutPutVC.m in Sources */,
				69BE3E8E28AB49FE00F6E4C3 /* DownloadBigBySessionTwoVC.m in Sources */,
				69BE3E8A28AB2FFA00F6E4C3 /* DownloadBigBySessionVC.m in Sources */,
				695E8CEF28A3982300A7914A /* NSOperationSerndInfoVC.m in Sources */,
				6973864D28A289C800F4239C /* GCDVC.m in Sources */,
				6965ACDC28A9DCE1000A8202 /* NSDictionary+Log.m in Sources */,
				694114D328AC9A2E00BE6792 /* NSString+Hash.m in Sources */,
				695E8CDE28A34BB900A7914A /* GCDGroupQueueVC.m in Sources */,
				6914762228B07AB5001F5BB6 /* SocietyVC.m in Sources */,
				6914766928B0DE45001F5BB6 /* StarVC.m in Sources */,
				6914761828B07A96001F5BB6 /* HotVC.m in Sources */,
				69B3E6C728A5F21E0070AE3B /* RunLoopsVC.m in Sources */,
				6965ACED28AA3F65000A8202 /* UploadByConnectionVC.m in Sources */,
				69B57B4428A8E3D000466BC1 /* JSONDataShowVC.m in Sources */,
				69424E4428AE2D6F00DF0939 /* NSDictionary+Property.m in Sources */,
				69F6F6E228B32E8400675D4C /* ScrollviewAutoLayoutVC.m in Sources */,
				694114C228AC7BA700BE6792 /* NetworkStatusVC.m in Sources */,
				695E8CE228A3597600A7914A /* LinTool.m in Sources */,
				6914761028B07764001F5BB6 /* FatherAndSonVC.m in Sources */,
				69C71E8C28A7B68E0025F49F /* NetWorkVC.m in Sources */,
				6973863D28A23B4100F4239C /* PthreadVC.m in Sources */,
				695E8CEC28A3881400A7914A /* LinOperation.m in Sources */,
				69BE3E8728AB208900F6E4C3 /* NSURLSessionVC.m in Sources */,
				69BE3E9B28ABAC9B00F6E4C3 /* LinWebView.m in Sources */,
				69B57B4128A8C66800466BC1 /* NativeVC.m in Sources */,
				69BE3E9228AB862500F6E4C3 /* UploadBySession.m in Sources */,
				69F6F6FD28B37AB700675D4C /* FrameAndBoundsVC.m in Sources */,
				69424E3028ADDA0400DF0939 /* Person.m in Sources */,
				69EA7AA528AF2FEA006A6B4B /* OtherVC.m in Sources */,
				6973864028A24AAB00F4239C /* NSThreadVC.m in Sources */,
				69F6F6EC28B366DF00675D4C /* NoticeVC.m in Sources */,
				6965ACE328A9F6DB000A8202 /* DownloadBigByConnectionVC.m in Sources */,
				69EA7AA228AF2FA0006A6B4B /* SuperClassAndClassVC.m in Sources */,
				695E8CE728A37D0000A7914A /* NSOperationVC.m in Sources */,
				69EA7A9A28AF1E85006A6B4B /* User.m in Sources */,
				69424E3628AE0A6F00DF0939 /* UIImage+image.m in Sources */,
				694114C528AC878D00BE6792 /* Reachability.m in Sources */,
				69BFB8FE28AF6273001A9BB1 /* SubPerson.m in Sources */,
				69BE3E9728ABA21F00F6E4C3 /* WebViewVC.m in Sources */,
			);
			runOnlyForDeploymentPostprocessing = 0;
		};
/* End PBXSourcesBuildPhase section */

/* Begin PBXVariantGroup section */
		6934222D28918CD0007561A1 /* Main.storyboard */ = {
			isa = PBXVariantGroup;
			children = (
				6934222E28918CD0007561A1 /* Base */,
			);
			name = Main.storyboard;
			sourceTree = "<group>";
		};
		6934223228918CD2007561A1 /* LaunchScreen.storyboard */ = {
			isa = PBXVariantGroup;
			children = (
				6934223328918CD2007561A1 /* Base */,
			);
			name = LaunchScreen.storyboard;
			sourceTree = "<group>";
		};
/* End PBXVariantGroup section */

/* Begin XCBuildConfiguration section */
		6934223828918CD2007561A1 /* Debug */ = {
			isa = XCBuildConfiguration;
			buildSettings = {
				ALWAYS_SEARCH_USER_PATHS = NO;
				CLANG_ANALYZER_NONNULL = YES;
				CLANG_ANALYZER_NUMBER_OBJECT_CONVERSION = YES_AGGRESSIVE;
				CLANG_CXX_LANGUAGE_STANDARD = "gnu++17";
				CLANG_CXX_LIBRARY = "libc++";
				CLANG_ENABLE_MODULES = YES;
				CLANG_ENABLE_OBJC_ARC = YES;
				CLANG_ENABLE_OBJC_WEAK = YES;
				CLANG_WARN_BLOCK_CAPTURE_AUTORELEASING = YES;
				CLANG_WARN_BOOL_CONVERSION = YES;
				CLANG_WARN_COMMA = YES;
				CLANG_WARN_CONSTANT_CONVERSION = YES;
				CLANG_WARN_DEPRECATED_OBJC_IMPLEMENTATIONS = YES;
				CLANG_WARN_DIRECT_OBJC_ISA_USAGE = YES_ERROR;
				CLANG_WARN_DOCUMENTATION_COMMENTS = YES;
				CLANG_WARN_EMPTY_BODY = YES;
				CLANG_WARN_ENUM_CONVERSION = YES;
				CLANG_WARN_INFINITE_RECURSION = YES;
				CLANG_WARN_INT_CONVERSION = YES;
				CLANG_WARN_NON_LITERAL_NULL_CONVERSION = YES;
				CLANG_WARN_OBJC_IMPLICIT_RETAIN_SELF = YES;
				CLANG_WARN_OBJC_LITERAL_CONVERSION = YES;
				CLANG_WARN_OBJC_ROOT_CLASS = YES_ERROR;
				CLANG_WARN_QUOTED_INCLUDE_IN_FRAMEWORK_HEADER = YES;
				CLANG_WARN_RANGE_LOOP_ANALYSIS = YES;
				CLANG_WARN_STRICT_PROTOTYPES = YES;
				CLANG_WARN_SUSPICIOUS_MOVE = YES;
				CLANG_WARN_UNGUARDED_AVAILABILITY = YES_AGGRESSIVE;
				CLANG_WARN_UNREACHABLE_CODE = YES;
				CLANG_WARN__DUPLICATE_METHOD_MATCH = YES;
				COPY_PHASE_STRIP = NO;
				DEBUG_INFORMATION_FORMAT = dwarf;
				ENABLE_STRICT_OBJC_MSGSEND = YES;
				ENABLE_TESTABILITY = YES;
				GCC_C_LANGUAGE_STANDARD = gnu11;
				GCC_DYNAMIC_NO_PIC = NO;
				GCC_NO_COMMON_BLOCKS = YES;
				GCC_OPTIMIZATION_LEVEL = 0;
				GCC_PREPROCESSOR_DEFINITIONS = (
					"DEBUG=1",
					"$(inherited)",
				);
				GCC_WARN_64_TO_32_BIT_CONVERSION = YES;
				GCC_WARN_ABOUT_RETURN_TYPE = YES_ERROR;
				GCC_WARN_UNDECLARED_SELECTOR = YES;
				GCC_WARN_UNINITIALIZED_AUTOS = YES_AGGRESSIVE;
				GCC_WARN_UNUSED_FUNCTION = YES;
				GCC_WARN_UNUSED_VARIABLE = YES;
				IPHONEOS_DEPLOYMENT_TARGET = 15.2;
				MTL_ENABLE_DEBUG_INFO = INCLUDE_SOURCE;
				MTL_FAST_MATH = YES;
				ONLY_ACTIVE_ARCH = YES;
				SDKROOT = iphoneos;
			};
			name = Debug;
		};
		6934223928918CD2007561A1 /* Release */ = {
			isa = XCBuildConfiguration;
			buildSettings = {
				ALWAYS_SEARCH_USER_PATHS = NO;
				CLANG_ANALYZER_NONNULL = YES;
				CLANG_ANALYZER_NUMBER_OBJECT_CONVERSION = YES_AGGRESSIVE;
				CLANG_CXX_LANGUAGE_STANDARD = "gnu++17";
				CLANG_CXX_LIBRARY = "libc++";
				CLANG_ENABLE_MODULES = YES;
				CLANG_ENABLE_OBJC_ARC = YES;
				CLANG_ENABLE_OBJC_WEAK = YES;
				CLANG_WARN_BLOCK_CAPTURE_AUTORELEASING = YES;
				CLANG_WARN_BOOL_CONVERSION = YES;
				CLANG_WARN_COMMA = YES;
				CLANG_WARN_CONSTANT_CONVERSION = YES;
				CLANG_WARN_DEPRECATED_OBJC_IMPLEMENTATIONS = YES;
				CLANG_WARN_DIRECT_OBJC_ISA_USAGE = YES_ERROR;
				CLANG_WARN_DOCUMENTATION_COMMENTS = YES;
				CLANG_WARN_EMPTY_BODY = YES;
				CLANG_WARN_ENUM_CONVERSION = YES;
				CLANG_WARN_INFINITE_RECURSION = YES;
				CLANG_WARN_INT_CONVERSION = YES;
				CLANG_WARN_NON_LITERAL_NULL_CONVERSION = YES;
				CLANG_WARN_OBJC_IMPLICIT_RETAIN_SELF = YES;
				CLANG_WARN_OBJC_LITERAL_CONVERSION = YES;
				CLANG_WARN_OBJC_ROOT_CLASS = YES_ERROR;
				CLANG_WARN_QUOTED_INCLUDE_IN_FRAMEWORK_HEADER = YES;
				CLANG_WARN_RANGE_LOOP_ANALYSIS = YES;
				CLANG_WARN_STRICT_PROTOTYPES = YES;
				CLANG_WARN_SUSPICIOUS_MOVE = YES;
				CLANG_WARN_UNGUARDED_AVAILABILITY = YES_AGGRESSIVE;
				CLANG_WARN_UNREACHABLE_CODE = YES;
				CLANG_WARN__DUPLICATE_METHOD_MATCH = YES;
				COPY_PHASE_STRIP = NO;
				DEBUG_INFORMATION_FORMAT = "dwarf-with-dsym";
				ENABLE_NS_ASSERTIONS = NO;
				ENABLE_STRICT_OBJC_MSGSEND = YES;
				GCC_C_LANGUAGE_STANDARD = gnu11;
				GCC_NO_COMMON_BLOCKS = YES;
				GCC_WARN_64_TO_32_BIT_CONVERSION = YES;
				GCC_WARN_ABOUT_RETURN_TYPE = YES_ERROR;
				GCC_WARN_UNDECLARED_SELECTOR = YES;
				GCC_WARN_UNINITIALIZED_AUTOS = YES_AGGRESSIVE;
				GCC_WARN_UNUSED_FUNCTION = YES;
				GCC_WARN_UNUSED_VARIABLE = YES;
				IPHONEOS_DEPLOYMENT_TARGET = 15.2;
				MTL_ENABLE_DEBUG_INFO = NO;
				MTL_FAST_MATH = YES;
				SDKROOT = iphoneos;
				VALIDATE_PRODUCT = YES;
			};
			name = Release;
		};
		6934223B28918CD2007561A1 /* Debug */ = {
			isa = XCBuildConfiguration;
			baseConfigurationReference = E9E28AFC560A7DCF01A7100F /* Pods-OC_Learning.debug.xcconfig */;
			buildSettings = {
				ASSETCATALOG_COMPILER_APPICON_NAME = AppIcon;
				ASSETCATALOG_COMPILER_GLOBAL_ACCENT_COLOR_NAME = AccentColor;
				CODE_SIGN_STYLE = Automatic;
				CURRENT_PROJECT_VERSION = 1;
				DEVELOPMENT_TEAM = K4DVKAD4TK;
				ENABLE_STRICT_OBJC_MSGSEND = NO;
				GENERATE_INFOPLIST_FILE = YES;
				INFOPLIST_FILE = OC_Learning/Info.plist;
				INFOPLIST_KEY_UIApplicationSupportsIndirectInputEvents = YES;
				INFOPLIST_KEY_UILaunchStoryboardName = LaunchScreen;
				INFOPLIST_KEY_UIMainStoryboardFile = Main;
				INFOPLIST_KEY_UISupportedInterfaceOrientations_iPad = "UIInterfaceOrientationPortrait UIInterfaceOrientationPortraitUpsideDown UIInterfaceOrientationLandscapeLeft UIInterfaceOrientationLandscapeRight";
				INFOPLIST_KEY_UISupportedInterfaceOrientations_iPhone = "UIInterfaceOrientationPortrait UIInterfaceOrientationLandscapeLeft UIInterfaceOrientationLandscapeRight";
				IPHONEOS_DEPLOYMENT_TARGET = 15.2;
				LD_RUNPATH_SEARCH_PATHS = (
					"$(inherited)",
					"@executable_path/Frameworks",
				);
				MARKETING_VERSION = 1.0;
				PRODUCT_BUNDLE_IDENTIFIER = "com.self.OC-Learning";
				PRODUCT_NAME = "$(TARGET_NAME)";
				SWIFT_EMIT_LOC_STRINGS = YES;
				TARGETED_DEVICE_FAMILY = "1,2";
			};
			name = Debug;
		};
		6934223C28918CD2007561A1 /* Release */ = {
			isa = XCBuildConfiguration;
			baseConfigurationReference = 67F3AD08DA232E89FE429F4B /* Pods-OC_Learning.release.xcconfig */;
			buildSettings = {
				ASSETCATALOG_COMPILER_APPICON_NAME = AppIcon;
				ASSETCATALOG_COMPILER_GLOBAL_ACCENT_COLOR_NAME = AccentColor;
				CODE_SIGN_STYLE = Automatic;
				CURRENT_PROJECT_VERSION = 1;
				DEVELOPMENT_TEAM = K4DVKAD4TK;
				ENABLE_STRICT_OBJC_MSGSEND = NO;
				GENERATE_INFOPLIST_FILE = YES;
				INFOPLIST_FILE = OC_Learning/Info.plist;
				INFOPLIST_KEY_UIApplicationSupportsIndirectInputEvents = YES;
				INFOPLIST_KEY_UILaunchStoryboardName = LaunchScreen;
				INFOPLIST_KEY_UIMainStoryboardFile = Main;
				INFOPLIST_KEY_UISupportedInterfaceOrientations_iPad = "UIInterfaceOrientationPortrait UIInterfaceOrientationPortraitUpsideDown UIInterfaceOrientationLandscapeLeft UIInterfaceOrientationLandscapeRight";
				INFOPLIST_KEY_UISupportedInterfaceOrientations_iPhone = "UIInterfaceOrientationPortrait UIInterfaceOrientationLandscapeLeft UIInterfaceOrientationLandscapeRight";
				IPHONEOS_DEPLOYMENT_TARGET = 15.2;
				LD_RUNPATH_SEARCH_PATHS = (
					"$(inherited)",
					"@executable_path/Frameworks",
				);
				MARKETING_VERSION = 1.0;
				PRODUCT_BUNDLE_IDENTIFIER = "com.self.OC-Learning";
				PRODUCT_NAME = "$(TARGET_NAME)";
				SWIFT_EMIT_LOC_STRINGS = YES;
				TARGETED_DEVICE_FAMILY = "1,2";
			};
			name = Release;
		};
/* End XCBuildConfiguration section */

/* Begin XCConfigurationList section */
		6934221C28918CD0007561A1 /* Build configuration list for PBXProject "OC_Learning" */ = {
			isa = XCConfigurationList;
			buildConfigurations = (
				6934223828918CD2007561A1 /* Debug */,
				6934223928918CD2007561A1 /* Release */,
			);
			defaultConfigurationIsVisible = 0;
			defaultConfigurationName = Release;
		};
		6934223A28918CD2007561A1 /* Build configuration list for PBXNativeTarget "OC_Learning" */ = {
			isa = XCConfigurationList;
			buildConfigurations = (
				6934223B28918CD2007561A1 /* Debug */,
				6934223C28918CD2007561A1 /* Release */,
			);
			defaultConfigurationIsVisible = 0;
			defaultConfigurationName = Release;
		};
/* End XCConfigurationList section */
	};
	rootObject = 6934221928918CD0007561A1 /* Project object */;
}
